
Microsoft Visual Studio Solution File, Format Version 12.00
# Visual Studio Version 16
VisualStudioVersion = 16.0.30413.136
MinimumVisualStudioVersion = 10.0.40219.1
Project("{FAE04EC0-301F-11D3-BF4B-00C04F79EFBC}") = "Person", "Person\Person.csproj", "{C2348DAF-C3C6-4F48-B4CF-98B9E9F4A60D}"
EndProject
Project("{FAE04EC0-301F-11D3-BF4B-00C04F79EFBC}") = "BookShop", "BookShop\BookShop.csproj", "{463CC596-E403-4433-AA9A-CEE95977CC18}"
EndProject
Project("{FAE04EC0-301F-11D3-BF4B-00C04F79EFBC}") = "Mankind", "Mankind\Mankind.csproj", "{6D94F6C7-2196-4BB9-800B-800E5409EBF8}"
EndProject
Project("{FAE04EC0-301F-11D3-BF4B-00C04F79EFBC}") = "OnlineRadioDatabase", "OnlineRadioDatabase\OnlineRadioDatabase.csproj", "{6D36114E-F108-4FE5-8355-A1DB726C9F51}"
EndProject
Project("{FAE04EC0-301F-11D3-BF4B-00C04F79EFBC}") = "MordorsCruelPlan", "MordorsCruelPlan\MordorsCruelPlan.csproj", "{779A239F-D5DF-4833-B3D5-49CBBDB49DE9}"
EndProject
Project("{FAE04EC0-301F-11D3-BF4B-00C04F79EFBC}") = "Animals", "Animals\Animals.csproj", "{3049CECD-BD0B-428A-BA27-86945ECC0F45}"
EndProject
Global
	GlobalSection(SolutionConfigurationPlatforms) = preSolution
		Debug|Any CPU = Debug|Any CPU
		Release|Any CPU = Release|Any CPU
	EndGlobalSection
	GlobalSection(ProjectConfigurationPlatforms) = postSolution
		{C2348DAF-C3C6-4F48-B4CF-98B9E9F4A60D}.Debug|Any CPU.ActiveCfg = Debug|Any CPU
		{C2348DAF-C3C6-4F48-B4CF-98B9E9F4A60D}.Debug|Any CPU.Build.0 = Debug|Any CPU
		{C2348DAF-C3C6-4F48-B4CF-98B9E9F4A60D}.Release|Any CPU.ActiveCfg = Release|Any CPU
		{C2348DAF-C3C6-4F48-B4CF-98B9E9F4A60D}.Release|Any CPU.Build.0 = Release|Any CPU
		{463CC596-E403-4433-AA9A-CEE95977CC18}.Debug|Any CPU.ActiveCfg = Debug|Any CPU
		{463CC596-E403-4433-AA9A-CEE95977CC18}.Debug|Any CPU.Build.0 = Debug|Any CPU
		{463CC596-E403-4433-AA9A-CEE95977CC18}.Release|Any CPU.ActiveCfg = Release|Any CPU
		{463CC596-E403-4433-AA9A-CEE95977CC18}.Release|Any CPU.Build.0 = Release|Any CPU
		{6D94F6C7-2196-4BB9-800B-800E5409EBF8}.Debug|Any CPU.ActiveCfg = Debug|Any CPU
		{6D94F6C7-2196-4BB9-800B-800E5409EBF8}.Debug|Any CPU.Build.0 = Debug|Any CPU
		{6D94F6C7-2196-4BB9-800B-800E5409EBF8}.Release|Any CPU.ActiveCfg = Release|Any CPU
		{6D94F6C7-2196-4BB9-800B-800E5409EBF8}.Release|Any CPU.Build.0 = Release|Any CPU
		{6D36114E-F108-4FE5-8355-A1DB726C9F51}.Debug|Any CPU.ActiveCfg = Debug|Any CPU
		{6D36114E-F108-4FE5-8355-A1DB726C9F51}.Debug|Any CPU.Build.0 = Debug|Any CPU
		{6D36114E-F108-4FE5-8355-A1DB726C9F51}.Release|Any CPU.ActiveCfg = Release|Any CPU
		{6D36114E-F108-4FE5-8355-A1DB726C9F51}.Release|Any CPU.Build.0 = Release|Any CPU
		{779A239F-D5DF-4833-B3D5-49CBBDB49DE9}.Debug|Any CPU.ActiveCfg = Debug|Any CPU
		{779A239F-D5DF-4833-B3D5-49CBBDB49DE9}.Debug|Any CPU.Build.0 = Debug|Any CPU
		{779A239F-D5DF-4833-B3D5-49CBBDB49DE9}.Release|Any CPU.ActiveCfg = Release|Any CPU
		{779A239F-D5DF-4833-B3D5-49CBBDB49DE9}.Release|Any CPU.Build.0 = Release|Any CPU
		{3049CECD-BD0B-428A-BA27-86945ECC0F45}.Debug|Any CPU.ActiveCfg = Debug|Any CPU
		{3049CECD-BD0B-428A-BA27-86945ECC0F45}.Debug|Any CPU.Build.0 = Debug|Any CPU
		{3049CECD-BD0B-428A-BA27-86945ECC0F45}.Release|Any CPU.ActiveCfg = Release|Any CPU
		{3049CECD-BD0B-428A-BA27-86945ECC0F45}.Release|Any CPU.Build.0 = Release|Any CPU
	EndGlobalSection
	GlobalSection(SolutionProperties) = preSolution
		HideSolutionNode = FALSE
	EndGlobalSection
	GlobalSection(ExtensibilityGlobals) = postSolution
		SolutionGuid = {A0CD92E7-37D6-4A21-A297-9E55E3C4D5B3}
	EndGlobalSection
EndGlobal
