
Microsoft Visual Studio Solution File, Format Version 12.00
# Visual Studio Version 16
VisualStudioVersion = 16.0.30413.136
MinimumVisualStudioVersion = 10.0.40219.1
Project("{FAE04EC0-301F-11D3-BF4B-00C04F79EFBC}") = "DefineAnInterfaceIPerson", "DefineAnInterfaceIPerson\DefineAnInterfaceIPerson.csproj", "{E41F14CD-99DB-40FD-9BEC-871DB368B264}"
EndProject
Project("{FAE04EC0-301F-11D3-BF4B-00C04F79EFBC}") = "MultipleImplementation", "MultipleImplementation\MultipleImplementation.csproj", "{8BC5E802-102A-4F05-8D18-69BFEB495F0E}"
EndProject
Project("{FAE04EC0-301F-11D3-BF4B-00C04F79EFBC}") = "Ferrari", "Ferrari\Ferrari.csproj", "{5352B9AD-8191-4803-A653-D0881D2B26A2}"
EndProject
Project("{FAE04EC0-301F-11D3-BF4B-00C04F79EFBC}") = "Telephony", "Telephony\Telephony.csproj", "{9B7D8918-0F08-4594-94FE-3B9826DDA0C5}"
EndProject
Project("{FAE04EC0-301F-11D3-BF4B-00C04F79EFBC}") = "BorderControl", "BorderControl\BorderControl.csproj", "{DA7E6A49-2C33-4033-B815-2CCAC59C610A}"
EndProject
Project("{FAE04EC0-301F-11D3-BF4B-00C04F79EFBC}") = "BirthdayCelebrations", "BirthdayCelebrations\BirthdayCelebrations.csproj", "{E848F4EB-86B2-4D8D-83AD-A3E3D6699849}"
EndProject
Global
	GlobalSection(SolutionConfigurationPlatforms) = preSolution
		Debug|Any CPU = Debug|Any CPU
		Release|Any CPU = Release|Any CPU
	EndGlobalSection
	GlobalSection(ProjectConfigurationPlatforms) = postSolution
		{E41F14CD-99DB-40FD-9BEC-871DB368B264}.Debug|Any CPU.ActiveCfg = Debug|Any CPU
		{E41F14CD-99DB-40FD-9BEC-871DB368B264}.Debug|Any CPU.Build.0 = Debug|Any CPU
		{E41F14CD-99DB-40FD-9BEC-871DB368B264}.Release|Any CPU.ActiveCfg = Release|Any CPU
		{E41F14CD-99DB-40FD-9BEC-871DB368B264}.Release|Any CPU.Build.0 = Release|Any CPU
		{8BC5E802-102A-4F05-8D18-69BFEB495F0E}.Debug|Any CPU.ActiveCfg = Debug|Any CPU
		{8BC5E802-102A-4F05-8D18-69BFEB495F0E}.Debug|Any CPU.Build.0 = Debug|Any CPU
		{8BC5E802-102A-4F05-8D18-69BFEB495F0E}.Release|Any CPU.ActiveCfg = Release|Any CPU
		{8BC5E802-102A-4F05-8D18-69BFEB495F0E}.Release|Any CPU.Build.0 = Release|Any CPU
		{5352B9AD-8191-4803-A653-D0881D2B26A2}.Debug|Any CPU.ActiveCfg = Debug|Any CPU
		{5352B9AD-8191-4803-A653-D0881D2B26A2}.Debug|Any CPU.Build.0 = Debug|Any CPU
		{5352B9AD-8191-4803-A653-D0881D2B26A2}.Release|Any CPU.ActiveCfg = Release|Any CPU
		{5352B9AD-8191-4803-A653-D0881D2B26A2}.Release|Any CPU.Build.0 = Release|Any CPU
		{9B7D8918-0F08-4594-94FE-3B9826DDA0C5}.Debug|Any CPU.ActiveCfg = Debug|Any CPU
		{9B7D8918-0F08-4594-94FE-3B9826DDA0C5}.Debug|Any CPU.Build.0 = Debug|Any CPU
		{9B7D8918-0F08-4594-94FE-3B9826DDA0C5}.Release|Any CPU.ActiveCfg = Release|Any CPU
		{9B7D8918-0F08-4594-94FE-3B9826DDA0C5}.Release|Any CPU.Build.0 = Release|Any CPU
		{DA7E6A49-2C33-4033-B815-2CCAC59C610A}.Debug|Any CPU.ActiveCfg = Debug|Any CPU
		{DA7E6A49-2C33-4033-B815-2CCAC59C610A}.Debug|Any CPU.Build.0 = Debug|Any CPU
		{DA7E6A49-2C33-4033-B815-2CCAC59C610A}.Release|Any CPU.ActiveCfg = Release|Any CPU
		{DA7E6A49-2C33-4033-B815-2CCAC59C610A}.Release|Any CPU.Build.0 = Release|Any CPU
		{E848F4EB-86B2-4D8D-83AD-A3E3D6699849}.Debug|Any CPU.ActiveCfg = Debug|Any CPU
		{E848F4EB-86B2-4D8D-83AD-A3E3D6699849}.Debug|Any CPU.Build.0 = Debug|Any CPU
		{E848F4EB-86B2-4D8D-83AD-A3E3D6699849}.Release|Any CPU.ActiveCfg = Release|Any CPU
		{E848F4EB-86B2-4D8D-83AD-A3E3D6699849}.Release|Any CPU.Build.0 = Release|Any CPU
	EndGlobalSection
	GlobalSection(SolutionProperties) = preSolution
		HideSolutionNode = FALSE
	EndGlobalSection
	GlobalSection(ExtensibilityGlobals) = postSolution
		SolutionGuid = {FBE1FA86-DC3F-4EDE-8A28-CB0DC0032825}
	EndGlobalSection
EndGlobal
