
Microsoft Visual Studio Solution File, Format Version 12.00
# Visual Studio Version 16
VisualStudioVersion = 16.0.30413.136
MinimumVisualStudioVersion = 10.0.40219.1
Project("{FAE04EC0-301F-11D3-BF4B-00C04F79EFBC}") = "RhombusOfStars", "RhombusOfStars\RhombusOfStars.csproj", "{5967E4A9-EB77-4829-B6ED-4A7A6AD3F8C9}"
EndProject
Project("{FAE04EC0-301F-11D3-BF4B-00C04F79EFBC}") = "PointInRectangle", "PointInRectangle\PointInRectangle.csproj", "{12BD4B6C-3A38-4D83-B586-DA7706A31B6B}"
EndProject
Project("{FAE04EC0-301F-11D3-BF4B-00C04F79EFBC}") = "StudentSystem", "StudentSystem\StudentSystem.csproj", "{0C05B4E9-4707-4A38-9F2A-B6E3EF40AFC1}"
EndProject
Project("{FAE04EC0-301F-11D3-BF4B-00C04F79EFBC}") = "HotelReservation", "HotelReservation\HotelReservation.csproj", "{1E75BE3E-61B3-474D-B22C-B031E4F14667}"
EndProject
Global
	GlobalSection(SolutionConfigurationPlatforms) = preSolution
		Debug|Any CPU = Debug|Any CPU
		Release|Any CPU = Release|Any CPU
	EndGlobalSection
	GlobalSection(ProjectConfigurationPlatforms) = postSolution
		{5967E4A9-EB77-4829-B6ED-4A7A6AD3F8C9}.Debug|Any CPU.ActiveCfg = Debug|Any CPU
		{5967E4A9-EB77-4829-B6ED-4A7A6AD3F8C9}.Debug|Any CPU.Build.0 = Debug|Any CPU
		{5967E4A9-EB77-4829-B6ED-4A7A6AD3F8C9}.Release|Any CPU.ActiveCfg = Release|Any CPU
		{5967E4A9-EB77-4829-B6ED-4A7A6AD3F8C9}.Release|Any CPU.Build.0 = Release|Any CPU
		{12BD4B6C-3A38-4D83-B586-DA7706A31B6B}.Debug|Any CPU.ActiveCfg = Debug|Any CPU
		{12BD4B6C-3A38-4D83-B586-DA7706A31B6B}.Debug|Any CPU.Build.0 = Debug|Any CPU
		{12BD4B6C-3A38-4D83-B586-DA7706A31B6B}.Release|Any CPU.ActiveCfg = Release|Any CPU
		{12BD4B6C-3A38-4D83-B586-DA7706A31B6B}.Release|Any CPU.Build.0 = Release|Any CPU
		{0C05B4E9-4707-4A38-9F2A-B6E3EF40AFC1}.Debug|Any CPU.ActiveCfg = Debug|Any CPU
		{0C05B4E9-4707-4A38-9F2A-B6E3EF40AFC1}.Debug|Any CPU.Build.0 = Debug|Any CPU
		{0C05B4E9-4707-4A38-9F2A-B6E3EF40AFC1}.Release|Any CPU.ActiveCfg = Release|Any CPU
		{0C05B4E9-4707-4A38-9F2A-B6E3EF40AFC1}.Release|Any CPU.Build.0 = Release|Any CPU
		{1E75BE3E-61B3-474D-B22C-B031E4F14667}.Debug|Any CPU.ActiveCfg = Debug|Any CPU
		{1E75BE3E-61B3-474D-B22C-B031E4F14667}.Debug|Any CPU.Build.0 = Debug|Any CPU
		{1E75BE3E-61B3-474D-B22C-B031E4F14667}.Release|Any CPU.ActiveCfg = Release|Any CPU
		{1E75BE3E-61B3-474D-B22C-B031E4F14667}.Release|Any CPU.Build.0 = Release|Any CPU
	EndGlobalSection
	GlobalSection(SolutionProperties) = preSolution
		HideSolutionNode = FALSE
	EndGlobalSection
	GlobalSection(ExtensibilityGlobals) = postSolution
		SolutionGuid = {D89CF236-C8F9-4787-9DE7-831B106B7300}
	EndGlobalSection
EndGlobal
