
Microsoft Visual Studio Solution File, Format Version 12.00
# Visual Studio Version 16
VisualStudioVersion = 16.0.30406.217
MinimumVisualStudioVersion = 10.0.40219.1
Project("{FAE04EC0-301F-11D3-BF4B-00C04F79EFBC}") = "CountSameValuesInArray", "CountSameValuesInArray\CountSameValuesInArray.csproj", "{40CAC1B6-F8A1-4259-8097-3BD8C2A2029B}"
EndProject
Global
	GlobalSection(SolutionConfigurationPlatforms) = preSolution
		Debug|Any CPU = Debug|Any CPU
		Release|Any CPU = Release|Any CPU
	EndGlobalSection
	GlobalSection(ProjectConfigurationPlatforms) = postSolution
		{40CAC1B6-F8A1-4259-8097-3BD8C2A2029B}.Debug|Any CPU.ActiveCfg = Debug|Any CPU
		{40CAC1B6-F8A1-4259-8097-3BD8C2A2029B}.Debug|Any CPU.Build.0 = Debug|Any CPU
		{40CAC1B6-F8A1-4259-8097-3BD8C2A2029B}.Release|Any CPU.ActiveCfg = Release|Any CPU
		{40CAC1B6-F8A1-4259-8097-3BD8C2A2029B}.Release|Any CPU.Build.0 = Release|Any CPU
	EndGlobalSection
	GlobalSection(SolutionProperties) = preSolution
		HideSolutionNode = FALSE
	EndGlobalSection
	GlobalSection(ExtensibilityGlobals) = postSolution
		SolutionGuid = {7C52F7F1-5441-4A7D-9ABE-C382E665A78D}
	EndGlobalSection
EndGlobal
