
Microsoft Visual Studio Solution File, Format Version 12.00
# Visual Studio Version 16
VisualStudioVersion = 16.0.30330.147
MinimumVisualStudioVersion = 10.0.40219.1
Project("{9A19103F-16F7-4668-BE54-9A1E7A4F7556}") = "MatrixOfPalindromes", "MatrixOfPalindromes\MatrixOfPalindromes.csproj", "{AB656093-EE93-4553-8F50-D8F5172DF69E}"
EndProject
Project("{9A19103F-16F7-4668-BE54-9A1E7A4F7556}") = "DiagonalDifference", "DiagonalDifference\DiagonalDifference.csproj", "{F7CF36D9-C881-427D-93C5-CE0239E55942}"
EndProject
Project("{9A19103F-16F7-4668-BE54-9A1E7A4F7556}") = "SquaresInMatrix", "SquaresInMatrix\SquaresInMatrix.csproj", "{D2265F29-148A-4AC7-932C-00A56D1DE2FC}"
EndProject
Project("{9A19103F-16F7-4668-BE54-9A1E7A4F7556}") = "MaximalSum", "MaximalSum\MaximalSum.csproj", "{4DBC6BC4-E9D1-41F1-9EED-E75367099FDB}"
EndProject
Project("{9A19103F-16F7-4668-BE54-9A1E7A4F7556}") = "RubiksMatrix", "RubiksMatrix\RubiksMatrix.csproj", "{50EB8D99-7CF3-4253-B026-744E4C5A345D}"
EndProject
Project("{9A19103F-16F7-4668-BE54-9A1E7A4F7556}") = "TargetPractice", "TargetPractice\TargetPractice.csproj", "{E52017FB-E620-4620-9655-D3027C8703A7}"
EndProject
Project("{9A19103F-16F7-4668-BE54-9A1E7A4F7556}") = "LegoBlocks", "LegoBlocks\LegoBlocks.csproj", "{79DDE235-AB67-4DFE-A156-9AEA9931E581}"
EndProject
Project("{9A19103F-16F7-4668-BE54-9A1E7A4F7556}") = "RadioactiveBunnies", "RadioactiveBunnies\RadioactiveBunnies.csproj", "{33FABDC4-0E52-444B-ABDF-3BC62F85C007}"
EndProject
Project("{FAE04EC0-301F-11D3-BF4B-00C04F79EFBC}") = "Crossfire", "Crossfire\Crossfire.csproj", "{036DB007-996D-42C5-9E72-1C54025FCBD0}"
EndProject
Project("{FAE04EC0-301F-11D3-BF4B-00C04F79EFBC}") = "TheHeiganDance", "TheHeiganDance\TheHeiganDance.csproj", "{18512D5A-0A59-4DD6-9BE5-5AFECD043D1A}"
EndProject
Global
	GlobalSection(SolutionConfigurationPlatforms) = preSolution
		Debug|Any CPU = Debug|Any CPU
		Release|Any CPU = Release|Any CPU
	EndGlobalSection
	GlobalSection(ProjectConfigurationPlatforms) = postSolution
		{AB656093-EE93-4553-8F50-D8F5172DF69E}.Debug|Any CPU.ActiveCfg = Debug|Any CPU
		{AB656093-EE93-4553-8F50-D8F5172DF69E}.Debug|Any CPU.Build.0 = Debug|Any CPU
		{AB656093-EE93-4553-8F50-D8F5172DF69E}.Release|Any CPU.ActiveCfg = Release|Any CPU
		{AB656093-EE93-4553-8F50-D8F5172DF69E}.Release|Any CPU.Build.0 = Release|Any CPU
		{F7CF36D9-C881-427D-93C5-CE0239E55942}.Debug|Any CPU.ActiveCfg = Debug|Any CPU
		{F7CF36D9-C881-427D-93C5-CE0239E55942}.Debug|Any CPU.Build.0 = Debug|Any CPU
		{F7CF36D9-C881-427D-93C5-CE0239E55942}.Release|Any CPU.ActiveCfg = Release|Any CPU
		{F7CF36D9-C881-427D-93C5-CE0239E55942}.Release|Any CPU.Build.0 = Release|Any CPU
		{D2265F29-148A-4AC7-932C-00A56D1DE2FC}.Debug|Any CPU.ActiveCfg = Debug|Any CPU
		{D2265F29-148A-4AC7-932C-00A56D1DE2FC}.Debug|Any CPU.Build.0 = Debug|Any CPU
		{D2265F29-148A-4AC7-932C-00A56D1DE2FC}.Release|Any CPU.ActiveCfg = Release|Any CPU
		{D2265F29-148A-4AC7-932C-00A56D1DE2FC}.Release|Any CPU.Build.0 = Release|Any CPU
		{4DBC6BC4-E9D1-41F1-9EED-E75367099FDB}.Debug|Any CPU.ActiveCfg = Debug|Any CPU
		{4DBC6BC4-E9D1-41F1-9EED-E75367099FDB}.Debug|Any CPU.Build.0 = Debug|Any CPU
		{4DBC6BC4-E9D1-41F1-9EED-E75367099FDB}.Release|Any CPU.ActiveCfg = Release|Any CPU
		{4DBC6BC4-E9D1-41F1-9EED-E75367099FDB}.Release|Any CPU.Build.0 = Release|Any CPU
		{50EB8D99-7CF3-4253-B026-744E4C5A345D}.Debug|Any CPU.ActiveCfg = Debug|Any CPU
		{50EB8D99-7CF3-4253-B026-744E4C5A345D}.Debug|Any CPU.Build.0 = Debug|Any CPU
		{50EB8D99-7CF3-4253-B026-744E4C5A345D}.Release|Any CPU.ActiveCfg = Release|Any CPU
		{50EB8D99-7CF3-4253-B026-744E4C5A345D}.Release|Any CPU.Build.0 = Release|Any CPU
		{E52017FB-E620-4620-9655-D3027C8703A7}.Debug|Any CPU.ActiveCfg = Debug|Any CPU
		{E52017FB-E620-4620-9655-D3027C8703A7}.Debug|Any CPU.Build.0 = Debug|Any CPU
		{E52017FB-E620-4620-9655-D3027C8703A7}.Release|Any CPU.ActiveCfg = Release|Any CPU
		{E52017FB-E620-4620-9655-D3027C8703A7}.Release|Any CPU.Build.0 = Release|Any CPU
		{79DDE235-AB67-4DFE-A156-9AEA9931E581}.Debug|Any CPU.ActiveCfg = Debug|Any CPU
		{79DDE235-AB67-4DFE-A156-9AEA9931E581}.Debug|Any CPU.Build.0 = Debug|Any CPU
		{79DDE235-AB67-4DFE-A156-9AEA9931E581}.Release|Any CPU.ActiveCfg = Release|Any CPU
		{79DDE235-AB67-4DFE-A156-9AEA9931E581}.Release|Any CPU.Build.0 = Release|Any CPU
		{33FABDC4-0E52-444B-ABDF-3BC62F85C007}.Debug|Any CPU.ActiveCfg = Debug|Any CPU
		{33FABDC4-0E52-444B-ABDF-3BC62F85C007}.Debug|Any CPU.Build.0 = Debug|Any CPU
		{33FABDC4-0E52-444B-ABDF-3BC62F85C007}.Release|Any CPU.ActiveCfg = Release|Any CPU
		{33FABDC4-0E52-444B-ABDF-3BC62F85C007}.Release|Any CPU.Build.0 = Release|Any CPU
		{036DB007-996D-42C5-9E72-1C54025FCBD0}.Debug|Any CPU.ActiveCfg = Debug|Any CPU
		{036DB007-996D-42C5-9E72-1C54025FCBD0}.Debug|Any CPU.Build.0 = Debug|Any CPU
		{036DB007-996D-42C5-9E72-1C54025FCBD0}.Release|Any CPU.ActiveCfg = Release|Any CPU
		{036DB007-996D-42C5-9E72-1C54025FCBD0}.Release|Any CPU.Build.0 = Release|Any CPU
		{18512D5A-0A59-4DD6-9BE5-5AFECD043D1A}.Debug|Any CPU.ActiveCfg = Debug|Any CPU
		{18512D5A-0A59-4DD6-9BE5-5AFECD043D1A}.Debug|Any CPU.Build.0 = Debug|Any CPU
		{18512D5A-0A59-4DD6-9BE5-5AFECD043D1A}.Release|Any CPU.ActiveCfg = Release|Any CPU
		{18512D5A-0A59-4DD6-9BE5-5AFECD043D1A}.Release|Any CPU.Build.0 = Release|Any CPU
	EndGlobalSection
	GlobalSection(SolutionProperties) = preSolution
		HideSolutionNode = FALSE
	EndGlobalSection
	GlobalSection(ExtensibilityGlobals) = postSolution
		SolutionGuid = {6E87273A-142B-47E3-B8FC-299F4AE25570}
	EndGlobalSection
EndGlobal
