
Microsoft Visual Studio Solution File, Format Version 12.00
# Visual Studio Version 16
VisualStudioVersion = 16.0.30330.147
MinimumVisualStudioVersion = 10.0.40219.1
Project("{FAE04EC0-301F-11D3-BF4B-00C04F79EFBC}") = "MatrixOfPalindromes", "MatrixOfPalindromes\MatrixOfPalindromes.csproj", "{AB656093-EE93-4553-8F50-D8F5172DF69E}"
EndProject
Global
	GlobalSection(SolutionConfigurationPlatforms) = preSolution
		Debug|Any CPU = Debug|Any CPU
		Release|Any CPU = Release|Any CPU
	EndGlobalSection
	GlobalSection(ProjectConfigurationPlatforms) = postSolution
		{AB656093-EE93-4553-8F50-D8F5172DF69E}.Debug|Any CPU.ActiveCfg = Debug|Any CPU
		{AB656093-EE93-4553-8F50-D8F5172DF69E}.Debug|Any CPU.Build.0 = Debug|Any CPU
		{AB656093-EE93-4553-8F50-D8F5172DF69E}.Release|Any CPU.ActiveCfg = Release|Any CPU
		{AB656093-EE93-4553-8F50-D8F5172DF69E}.Release|Any CPU.Build.0 = Release|Any CPU
	EndGlobalSection
	GlobalSection(SolutionProperties) = preSolution
		HideSolutionNode = FALSE
	EndGlobalSection
	GlobalSection(ExtensibilityGlobals) = postSolution
		SolutionGuid = {6E87273A-142B-47E3-B8FC-299F4AE25570}
	EndGlobalSection
EndGlobal
