
Microsoft Visual Studio Solution File, Format Version 12.00
# Visual Studio Version 16
VisualStudioVersion = 16.0.30413.136
MinimumVisualStudioVersion = 10.0.40219.1
Project("{9A19103F-16F7-4668-BE54-9A1E7A4F7556}") = "KeyRevolver", "KeyRevolver\KeyRevolver.csproj", "{6542C120-CF59-4224-8AE6-2BCB228AE9AB}"
EndProject
Project("{9A19103F-16F7-4668-BE54-9A1E7A4F7556}") = "Sneaking", "Sneaking\Sneaking.csproj", "{4D309940-C999-4478-B611-C51E3DB97A39}"
EndProject
Project("{FAE04EC0-301F-11D3-BF4B-00C04F79EFBC}") = "CryptoBlockchain", "CryptoBlockchain\CryptoBlockchain.csproj", "{5316844C-41FD-4D06-93A2-43E13E2033B4}"
EndProject
Project("{FAE04EC0-301F-11D3-BF4B-00C04F79EFBC}") = "HitList", "HitList\HitList.csproj", "{11BA5C48-A702-47AA-926A-0CDD70B62866}"
EndProject
Global
	GlobalSection(SolutionConfigurationPlatforms) = preSolution
		Debug|Any CPU = Debug|Any CPU
		Release|Any CPU = Release|Any CPU
	EndGlobalSection
	GlobalSection(ProjectConfigurationPlatforms) = postSolution
		{6542C120-CF59-4224-8AE6-2BCB228AE9AB}.Debug|Any CPU.ActiveCfg = Debug|Any CPU
		{6542C120-CF59-4224-8AE6-2BCB228AE9AB}.Debug|Any CPU.Build.0 = Debug|Any CPU
		{6542C120-CF59-4224-8AE6-2BCB228AE9AB}.Release|Any CPU.ActiveCfg = Release|Any CPU
		{6542C120-CF59-4224-8AE6-2BCB228AE9AB}.Release|Any CPU.Build.0 = Release|Any CPU
		{4D309940-C999-4478-B611-C51E3DB97A39}.Debug|Any CPU.ActiveCfg = Debug|Any CPU
		{4D309940-C999-4478-B611-C51E3DB97A39}.Debug|Any CPU.Build.0 = Debug|Any CPU
		{4D309940-C999-4478-B611-C51E3DB97A39}.Release|Any CPU.ActiveCfg = Release|Any CPU
		{4D309940-C999-4478-B611-C51E3DB97A39}.Release|Any CPU.Build.0 = Release|Any CPU
		{5316844C-41FD-4D06-93A2-43E13E2033B4}.Debug|Any CPU.ActiveCfg = Debug|Any CPU
		{5316844C-41FD-4D06-93A2-43E13E2033B4}.Debug|Any CPU.Build.0 = Debug|Any CPU
		{5316844C-41FD-4D06-93A2-43E13E2033B4}.Release|Any CPU.ActiveCfg = Release|Any CPU
		{5316844C-41FD-4D06-93A2-43E13E2033B4}.Release|Any CPU.Build.0 = Release|Any CPU
		{11BA5C48-A702-47AA-926A-0CDD70B62866}.Debug|Any CPU.ActiveCfg = Debug|Any CPU
		{11BA5C48-A702-47AA-926A-0CDD70B62866}.Debug|Any CPU.Build.0 = Debug|Any CPU
		{11BA5C48-A702-47AA-926A-0CDD70B62866}.Release|Any CPU.ActiveCfg = Release|Any CPU
		{11BA5C48-A702-47AA-926A-0CDD70B62866}.Release|Any CPU.Build.0 = Release|Any CPU
	EndGlobalSection
	GlobalSection(SolutionProperties) = preSolution
		HideSolutionNode = FALSE
	EndGlobalSection
	GlobalSection(ExtensibilityGlobals) = postSolution
		SolutionGuid = {382AF447-9765-4620-BD9F-3A71A581FBEB}
	EndGlobalSection
EndGlobal
