
Microsoft Visual Studio Solution File, Format Version 12.00
# Visual Studio 15
VisualStudioVersion = 15.0.27004.2002
MinimumVisualStudioVersion = 10.0.40219.1
Project("{FAE04EC0-301F-11D3-BF4B-00C04F79EFBC}") = "P01_StudentSystem", "P01_StudentSystem\P01_StudentSystem.csproj", "{E580C0E7-761C-4EFE-A528-04B030DC8C22}"
EndProject
Global
	GlobalSection(SolutionConfigurationPlatforms) = preSolution
		Debug|Any CPU = Debug|Any CPU
		Release|Any CPU = Release|Any CPU
	EndGlobalSection
	GlobalSection(ProjectConfigurationPlatforms) = postSolution
		{E580C0E7-761C-4EFE-A528-04B030DC8C22}.Debug|Any CPU.ActiveCfg = Debug|Any CPU
		{E580C0E7-761C-4EFE-A528-04B030DC8C22}.Debug|Any CPU.Build.0 = Debug|Any CPU
		{E580C0E7-761C-4EFE-A528-04B030DC8C22}.Release|Any CPU.ActiveCfg = Release|Any CPU
		{E580C0E7-761C-4EFE-A528-04B030DC8C22}.Release|Any CPU.Build.0 = Release|Any CPU
	EndGlobalSection
	GlobalSection(SolutionProperties) = preSolution
		HideSolutionNode = FALSE
	EndGlobalSection
	GlobalSection(ExtensibilityGlobals) = postSolution
		SolutionGuid = {DE83DCBC-1586-4F9A-B958-68E62EAA9123}
	EndGlobalSection
EndGlobal
