
Microsoft Visual Studio Solution File, Format Version 12.00
# Visual Studio Version 16
VisualStudioVersion = 16.0.30204.135
MinimumVisualStudioVersion = 10.0.40219.1
Project("{FAE04EC0-301F-11D3-BF4B-00C04F79EFBC}") = "HospitalDb", "HospitalDb\HospitalDb.csproj", "{FA261177-6F34-434C-B072-547743B296C6}"
EndProject
Project("{FAE04EC0-301F-11D3-BF4B-00C04F79EFBC}") = "SalesDb", "SalesDb\SalesDb.csproj", "{3D21C56E-57B5-400C-8A18-34FF1A77C95A}"
EndProject
Global
	GlobalSection(SolutionConfigurationPlatforms) = preSolution
		Debug|Any CPU = Debug|Any CPU
		Release|Any CPU = Release|Any CPU
	EndGlobalSection
	GlobalSection(ProjectConfigurationPlatforms) = postSolution
		{FA261177-6F34-434C-B072-547743B296C6}.Debug|Any CPU.ActiveCfg = Debug|Any CPU
		{FA261177-6F34-434C-B072-547743B296C6}.Debug|Any CPU.Build.0 = Debug|Any CPU
		{FA261177-6F34-434C-B072-547743B296C6}.Release|Any CPU.ActiveCfg = Release|Any CPU
		{FA261177-6F34-434C-B072-547743B296C6}.Release|Any CPU.Build.0 = Release|Any CPU
		{3D21C56E-57B5-400C-8A18-34FF1A77C95A}.Debug|Any CPU.ActiveCfg = Debug|Any CPU
		{3D21C56E-57B5-400C-8A18-34FF1A77C95A}.Debug|Any CPU.Build.0 = Debug|Any CPU
		{3D21C56E-57B5-400C-8A18-34FF1A77C95A}.Release|Any CPU.ActiveCfg = Release|Any CPU
		{3D21C56E-57B5-400C-8A18-34FF1A77C95A}.Release|Any CPU.Build.0 = Release|Any CPU
	EndGlobalSection
	GlobalSection(SolutionProperties) = preSolution
		HideSolutionNode = FALSE
	EndGlobalSection
	GlobalSection(ExtensibilityGlobals) = postSolution
		SolutionGuid = {2E3ECEFD-CC76-44C6-A00F-17CEFED6114B}
	EndGlobalSection
EndGlobal
