
Microsoft Visual Studio Solution File, Format Version 12.00
# Visual Studio Version 16
VisualStudioVersion = 16.0.30413.136
MinimumVisualStudioVersion = 10.0.40219.1
Project("{FAE04EC0-301F-11D3-BF4B-00C04F79EFBC}") = "ClassBox", "ClassBox\ClassBox.csproj", "{9E5AC98E-66F5-4DD0-B7F2-C78A322E3B99}"
EndProject
Project("{FAE04EC0-301F-11D3-BF4B-00C04F79EFBC}") = "ClassBoxDataValidation", "ClassBoxDataValidation\ClassBoxDataValidation.csproj", "{673A6CDB-4798-42D9-85EA-C9495FED6CBD}"
EndProject
Project("{FAE04EC0-301F-11D3-BF4B-00C04F79EFBC}") = "AnimalFarm", "AnimalFarm\AnimalFarm.csproj", "{41AC5137-07F9-4A59-BEF4-E1E70C2EC982}"
EndProject
Project("{FAE04EC0-301F-11D3-BF4B-00C04F79EFBC}") = "ShoppingSpree", "ShoppingSpree\ShoppingSpree.csproj", "{2FF37534-368F-43F2-BC57-9C8227B6ED60}"
EndProject
Project("{FAE04EC0-301F-11D3-BF4B-00C04F79EFBC}") = "PizzaCalories", "PizzaCalories\PizzaCalories.csproj", "{B1DE9731-7B6C-46B5-A79F-3E52B1ADE23A}"
EndProject
Project("{FAE04EC0-301F-11D3-BF4B-00C04F79EFBC}") = "FootballTeamGenerator", "FootballTeamGenerator\FootballTeamGenerator.csproj", "{13DD1363-EEAA-4FDA-8E78-ECA145A41265}"
EndProject
Global
	GlobalSection(SolutionConfigurationPlatforms) = preSolution
		Debug|Any CPU = Debug|Any CPU
		Release|Any CPU = Release|Any CPU
	EndGlobalSection
	GlobalSection(ProjectConfigurationPlatforms) = postSolution
		{9E5AC98E-66F5-4DD0-B7F2-C78A322E3B99}.Debug|Any CPU.ActiveCfg = Debug|Any CPU
		{9E5AC98E-66F5-4DD0-B7F2-C78A322E3B99}.Debug|Any CPU.Build.0 = Debug|Any CPU
		{9E5AC98E-66F5-4DD0-B7F2-C78A322E3B99}.Release|Any CPU.ActiveCfg = Release|Any CPU
		{9E5AC98E-66F5-4DD0-B7F2-C78A322E3B99}.Release|Any CPU.Build.0 = Release|Any CPU
		{673A6CDB-4798-42D9-85EA-C9495FED6CBD}.Debug|Any CPU.ActiveCfg = Debug|Any CPU
		{673A6CDB-4798-42D9-85EA-C9495FED6CBD}.Debug|Any CPU.Build.0 = Debug|Any CPU
		{673A6CDB-4798-42D9-85EA-C9495FED6CBD}.Release|Any CPU.ActiveCfg = Release|Any CPU
		{673A6CDB-4798-42D9-85EA-C9495FED6CBD}.Release|Any CPU.Build.0 = Release|Any CPU
		{41AC5137-07F9-4A59-BEF4-E1E70C2EC982}.Debug|Any CPU.ActiveCfg = Debug|Any CPU
		{41AC5137-07F9-4A59-BEF4-E1E70C2EC982}.Debug|Any CPU.Build.0 = Debug|Any CPU
		{41AC5137-07F9-4A59-BEF4-E1E70C2EC982}.Release|Any CPU.ActiveCfg = Release|Any CPU
		{41AC5137-07F9-4A59-BEF4-E1E70C2EC982}.Release|Any CPU.Build.0 = Release|Any CPU
		{2FF37534-368F-43F2-BC57-9C8227B6ED60}.Debug|Any CPU.ActiveCfg = Debug|Any CPU
		{2FF37534-368F-43F2-BC57-9C8227B6ED60}.Debug|Any CPU.Build.0 = Debug|Any CPU
		{2FF37534-368F-43F2-BC57-9C8227B6ED60}.Release|Any CPU.ActiveCfg = Release|Any CPU
		{2FF37534-368F-43F2-BC57-9C8227B6ED60}.Release|Any CPU.Build.0 = Release|Any CPU
		{B1DE9731-7B6C-46B5-A79F-3E52B1ADE23A}.Debug|Any CPU.ActiveCfg = Debug|Any CPU
		{B1DE9731-7B6C-46B5-A79F-3E52B1ADE23A}.Debug|Any CPU.Build.0 = Debug|Any CPU
		{B1DE9731-7B6C-46B5-A79F-3E52B1ADE23A}.Release|Any CPU.ActiveCfg = Release|Any CPU
		{B1DE9731-7B6C-46B5-A79F-3E52B1ADE23A}.Release|Any CPU.Build.0 = Release|Any CPU
		{13DD1363-EEAA-4FDA-8E78-ECA145A41265}.Debug|Any CPU.ActiveCfg = Debug|Any CPU
		{13DD1363-EEAA-4FDA-8E78-ECA145A41265}.Debug|Any CPU.Build.0 = Debug|Any CPU
		{13DD1363-EEAA-4FDA-8E78-ECA145A41265}.Release|Any CPU.ActiveCfg = Release|Any CPU
		{13DD1363-EEAA-4FDA-8E78-ECA145A41265}.Release|Any CPU.Build.0 = Release|Any CPU
	EndGlobalSection
	GlobalSection(SolutionProperties) = preSolution
		HideSolutionNode = FALSE
	EndGlobalSection
	GlobalSection(ExtensibilityGlobals) = postSolution
		SolutionGuid = {E6F2F191-41FC-480E-B360-89968842C286}
	EndGlobalSection
EndGlobal
