
Microsoft Visual Studio Solution File, Format Version 12.00
# Visual Studio Version 16
VisualStudioVersion = 16.0.30406.217
MinimumVisualStudioVersion = 10.0.40219.1
Project("{FAE04EC0-301F-11D3-BF4B-00C04F79EFBC}") = "SortEvenNumbers", "SortEvenNumbers\SortEvenNumbers.csproj", "{945BADCC-4C79-47E2-A08A-FC310221C765}"
EndProject
Project("{FAE04EC0-301F-11D3-BF4B-00C04F79EFBC}") = "SumNumbers", "SumNumbers\SumNumbers.csproj", "{A6033C39-B8B7-4367-B6B9-D99C4581FB6F}"
EndProject
Global
	GlobalSection(SolutionConfigurationPlatforms) = preSolution
		Debug|Any CPU = Debug|Any CPU
		Release|Any CPU = Release|Any CPU
	EndGlobalSection
	GlobalSection(ProjectConfigurationPlatforms) = postSolution
		{945BADCC-4C79-47E2-A08A-FC310221C765}.Debug|Any CPU.ActiveCfg = Debug|Any CPU
		{945BADCC-4C79-47E2-A08A-FC310221C765}.Debug|Any CPU.Build.0 = Debug|Any CPU
		{945BADCC-4C79-47E2-A08A-FC310221C765}.Release|Any CPU.ActiveCfg = Release|Any CPU
		{945BADCC-4C79-47E2-A08A-FC310221C765}.Release|Any CPU.Build.0 = Release|Any CPU
		{A6033C39-B8B7-4367-B6B9-D99C4581FB6F}.Debug|Any CPU.ActiveCfg = Debug|Any CPU
		{A6033C39-B8B7-4367-B6B9-D99C4581FB6F}.Debug|Any CPU.Build.0 = Debug|Any CPU
		{A6033C39-B8B7-4367-B6B9-D99C4581FB6F}.Release|Any CPU.ActiveCfg = Release|Any CPU
		{A6033C39-B8B7-4367-B6B9-D99C4581FB6F}.Release|Any CPU.Build.0 = Release|Any CPU
	EndGlobalSection
	GlobalSection(SolutionProperties) = preSolution
		HideSolutionNode = FALSE
	EndGlobalSection
	GlobalSection(ExtensibilityGlobals) = postSolution
		SolutionGuid = {1B1226B5-2433-4FD0-8E76-B585D033D086}
	EndGlobalSection
EndGlobal
