
Microsoft Visual Studio Solution File, Format Version 12.00
# Visual Studio 15
VisualStudioVersion = 15.0.28010.2048
MinimumVisualStudioVersion = 10.0.40219.1
Project("{FAE04EC0-301F-11D3-BF4B-00C04F79EFBC}") = "Shapes", "Shapes\Shapes.csproj", "{F032F70B-6CAA-4F3E-93C7-2354E2DC146C}"
EndProject
Project("{FAE04EC0-301F-11D3-BF4B-00C04F79EFBC}") = "Cars", "Cars\Cars.csproj", "{AA3FD21A-73DB-4992-8010-7CFDADB5E084}"
EndProject
Global
	GlobalSection(SolutionConfigurationPlatforms) = preSolution
		Debug|Any CPU = Debug|Any CPU
		Release|Any CPU = Release|Any CPU
	EndGlobalSection
	GlobalSection(ProjectConfigurationPlatforms) = postSolution
		{F032F70B-6CAA-4F3E-93C7-2354E2DC146C}.Debug|Any CPU.ActiveCfg = Debug|Any CPU
		{F032F70B-6CAA-4F3E-93C7-2354E2DC146C}.Debug|Any CPU.Build.0 = Debug|Any CPU
		{F032F70B-6CAA-4F3E-93C7-2354E2DC146C}.Release|Any CPU.ActiveCfg = Release|Any CPU
		{F032F70B-6CAA-4F3E-93C7-2354E2DC146C}.Release|Any CPU.Build.0 = Release|Any CPU
		{AA3FD21A-73DB-4992-8010-7CFDADB5E084}.Debug|Any CPU.ActiveCfg = Debug|Any CPU
		{AA3FD21A-73DB-4992-8010-7CFDADB5E084}.Debug|Any CPU.Build.0 = Debug|Any CPU
		{AA3FD21A-73DB-4992-8010-7CFDADB5E084}.Release|Any CPU.ActiveCfg = Release|Any CPU
		{AA3FD21A-73DB-4992-8010-7CFDADB5E084}.Release|Any CPU.Build.0 = Release|Any CPU
	EndGlobalSection
	GlobalSection(SolutionProperties) = preSolution
		HideSolutionNode = FALSE
	EndGlobalSection
	GlobalSection(ExtensibilityGlobals) = postSolution
		SolutionGuid = {5C41F31F-A0E6-47B8-AD19-DAEF400BC6B1}
	EndGlobalSection
EndGlobal
