
Microsoft Visual Studio Solution File, Format Version 12.00
# Visual Studio Version 16
VisualStudioVersion = 16.0.30406.217
MinimumVisualStudioVersion = 10.0.40219.1
Project("{FAE04EC0-301F-11D3-BF4B-00C04F79EFBC}") = "UniqueUsernames", "UniqueUsernames\UniqueUsernames.csproj", "{0EE9AD4A-5189-48E3-B8B5-BDF3A92A5A75}"
EndProject
Project("{FAE04EC0-301F-11D3-BF4B-00C04F79EFBC}") = "SetsOfElements", "SetsOfElements\SetsOfElements.csproj", "{AEADEA8E-578A-468B-8A6C-5F5F7A51B51C}"
EndProject
Project("{FAE04EC0-301F-11D3-BF4B-00C04F79EFBC}") = "PeriodicTable", "PeriodicTable\PeriodicTable.csproj", "{9ED1F68F-DE09-43B3-9055-AD485E1497B2}"
EndProject
Project("{FAE04EC0-301F-11D3-BF4B-00C04F79EFBC}") = "EvenTimes", "EvenTimes\EvenTimes.csproj", "{2EAFCE29-14BA-466C-97BE-018D166C8801}"
EndProject
Project("{FAE04EC0-301F-11D3-BF4B-00C04F79EFBC}") = "CountSymbols", "CountSymbols\CountSymbols.csproj", "{BC60F29F-28D1-4168-964E-14CF7FC89136}"
EndProject
Project("{FAE04EC0-301F-11D3-BF4B-00C04F79EFBC}") = "Wardrobe", "Wardrobe\Wardrobe.csproj", "{2BB0439B-5B17-42D2-B696-D32F3FEE93F9}"
EndProject
Project("{FAE04EC0-301F-11D3-BF4B-00C04F79EFBC}") = "TheVLogger", "TheVLogger\TheVLogger.csproj", "{2BDA19BC-2725-4DCB-B8B4-D6F2D2DBD6AD}"
EndProject
Project("{FAE04EC0-301F-11D3-BF4B-00C04F79EFBC}") = "Ranking", "Ranking\Ranking.csproj", "{EA8A3A3F-ECCC-4B03-8A87-01439320CA61}"
EndProject
Global
	GlobalSection(SolutionConfigurationPlatforms) = preSolution
		Debug|Any CPU = Debug|Any CPU
		Release|Any CPU = Release|Any CPU
	EndGlobalSection
	GlobalSection(ProjectConfigurationPlatforms) = postSolution
		{0EE9AD4A-5189-48E3-B8B5-BDF3A92A5A75}.Debug|Any CPU.ActiveCfg = Debug|Any CPU
		{0EE9AD4A-5189-48E3-B8B5-BDF3A92A5A75}.Debug|Any CPU.Build.0 = Debug|Any CPU
		{0EE9AD4A-5189-48E3-B8B5-BDF3A92A5A75}.Release|Any CPU.ActiveCfg = Release|Any CPU
		{0EE9AD4A-5189-48E3-B8B5-BDF3A92A5A75}.Release|Any CPU.Build.0 = Release|Any CPU
		{AEADEA8E-578A-468B-8A6C-5F5F7A51B51C}.Debug|Any CPU.ActiveCfg = Debug|Any CPU
		{AEADEA8E-578A-468B-8A6C-5F5F7A51B51C}.Debug|Any CPU.Build.0 = Debug|Any CPU
		{AEADEA8E-578A-468B-8A6C-5F5F7A51B51C}.Release|Any CPU.ActiveCfg = Release|Any CPU
		{AEADEA8E-578A-468B-8A6C-5F5F7A51B51C}.Release|Any CPU.Build.0 = Release|Any CPU
		{9ED1F68F-DE09-43B3-9055-AD485E1497B2}.Debug|Any CPU.ActiveCfg = Debug|Any CPU
		{9ED1F68F-DE09-43B3-9055-AD485E1497B2}.Debug|Any CPU.Build.0 = Debug|Any CPU
		{9ED1F68F-DE09-43B3-9055-AD485E1497B2}.Release|Any CPU.ActiveCfg = Release|Any CPU
		{9ED1F68F-DE09-43B3-9055-AD485E1497B2}.Release|Any CPU.Build.0 = Release|Any CPU
		{2EAFCE29-14BA-466C-97BE-018D166C8801}.Debug|Any CPU.ActiveCfg = Debug|Any CPU
		{2EAFCE29-14BA-466C-97BE-018D166C8801}.Debug|Any CPU.Build.0 = Debug|Any CPU
		{2EAFCE29-14BA-466C-97BE-018D166C8801}.Release|Any CPU.ActiveCfg = Release|Any CPU
		{2EAFCE29-14BA-466C-97BE-018D166C8801}.Release|Any CPU.Build.0 = Release|Any CPU
		{BC60F29F-28D1-4168-964E-14CF7FC89136}.Debug|Any CPU.ActiveCfg = Debug|Any CPU
		{BC60F29F-28D1-4168-964E-14CF7FC89136}.Debug|Any CPU.Build.0 = Debug|Any CPU
		{BC60F29F-28D1-4168-964E-14CF7FC89136}.Release|Any CPU.ActiveCfg = Release|Any CPU
		{BC60F29F-28D1-4168-964E-14CF7FC89136}.Release|Any CPU.Build.0 = Release|Any CPU
		{2BB0439B-5B17-42D2-B696-D32F3FEE93F9}.Debug|Any CPU.ActiveCfg = Debug|Any CPU
		{2BB0439B-5B17-42D2-B696-D32F3FEE93F9}.Debug|Any CPU.Build.0 = Debug|Any CPU
		{2BB0439B-5B17-42D2-B696-D32F3FEE93F9}.Release|Any CPU.ActiveCfg = Release|Any CPU
		{2BB0439B-5B17-42D2-B696-D32F3FEE93F9}.Release|Any CPU.Build.0 = Release|Any CPU
		{2BDA19BC-2725-4DCB-B8B4-D6F2D2DBD6AD}.Debug|Any CPU.ActiveCfg = Debug|Any CPU
		{2BDA19BC-2725-4DCB-B8B4-D6F2D2DBD6AD}.Debug|Any CPU.Build.0 = Debug|Any CPU
		{2BDA19BC-2725-4DCB-B8B4-D6F2D2DBD6AD}.Release|Any CPU.ActiveCfg = Release|Any CPU
		{2BDA19BC-2725-4DCB-B8B4-D6F2D2DBD6AD}.Release|Any CPU.Build.0 = Release|Any CPU
		{EA8A3A3F-ECCC-4B03-8A87-01439320CA61}.Debug|Any CPU.ActiveCfg = Debug|Any CPU
		{EA8A3A3F-ECCC-4B03-8A87-01439320CA61}.Debug|Any CPU.Build.0 = Debug|Any CPU
		{EA8A3A3F-ECCC-4B03-8A87-01439320CA61}.Release|Any CPU.ActiveCfg = Release|Any CPU
		{EA8A3A3F-ECCC-4B03-8A87-01439320CA61}.Release|Any CPU.Build.0 = Release|Any CPU
	EndGlobalSection
	GlobalSection(SolutionProperties) = preSolution
		HideSolutionNode = FALSE
	EndGlobalSection
	GlobalSection(ExtensibilityGlobals) = postSolution
		SolutionGuid = {2E3EE234-D87C-4573-A716-4A4244D0465A}
	EndGlobalSection
EndGlobal
