
Microsoft Visual Studio Solution File, Format Version 12.00
# Visual Studio 15
VisualStudioVersion = 15.0.27004.2002
MinimumVisualStudioVersion = 10.0.40219.1
Project("{9A19103F-16F7-4668-BE54-9A1E7A4F7556}") = "P01_HospitalDatabase", "P01_HospitalDatabase\P01_HospitalDatabase.csproj", "{6D381668-FDA7-4A4E-80D9-22079DF0E5FF}"
EndProject
Project("{9A19103F-16F7-4668-BE54-9A1E7A4F7556}") = "P03_SalesDatabase", "P03_SalesDatabase\P03_SalesDatabase.csproj", "{81C88599-B356-4B3C-A6E5-3A534E7F3773}"
EndProject
Global
	GlobalSection(SolutionConfigurationPlatforms) = preSolution
		Debug|Any CPU = Debug|Any CPU
		Release|Any CPU = Release|Any CPU
	EndGlobalSection
	GlobalSection(ProjectConfigurationPlatforms) = postSolution
		{6D381668-FDA7-4A4E-80D9-22079DF0E5FF}.Debug|Any CPU.ActiveCfg = Debug|Any CPU
		{6D381668-FDA7-4A4E-80D9-22079DF0E5FF}.Debug|Any CPU.Build.0 = Debug|Any CPU
		{6D381668-FDA7-4A4E-80D9-22079DF0E5FF}.Release|Any CPU.ActiveCfg = Release|Any CPU
		{6D381668-FDA7-4A4E-80D9-22079DF0E5FF}.Release|Any CPU.Build.0 = Release|Any CPU
		{81C88599-B356-4B3C-A6E5-3A534E7F3773}.Debug|Any CPU.ActiveCfg = Debug|Any CPU
		{81C88599-B356-4B3C-A6E5-3A534E7F3773}.Debug|Any CPU.Build.0 = Debug|Any CPU
		{81C88599-B356-4B3C-A6E5-3A534E7F3773}.Release|Any CPU.ActiveCfg = Release|Any CPU
		{81C88599-B356-4B3C-A6E5-3A534E7F3773}.Release|Any CPU.Build.0 = Release|Any CPU
	EndGlobalSection
	GlobalSection(SolutionProperties) = preSolution
		HideSolutionNode = FALSE
	EndGlobalSection
	GlobalSection(ExtensibilityGlobals) = postSolution
		SolutionGuid = {96B676BF-93A1-461F-A06C-D53C47A212ED}
	EndGlobalSection
EndGlobal
