
Microsoft Visual Studio Solution File, Format Version 12.00
# Visual Studio 15
VisualStudioVersion = 15.0.27004.2002
MinimumVisualStudioVersion = 10.0.40219.1
Project("{FAE04EC0-301F-11D3-BF4B-00C04F79EFBC}") = "DefineAClassPerson", "DefineAClassPerson\DefineAClassPerson.csproj", "{464745AD-0998-46EB-8933-E9CDB1AB4CB2}"
EndProject
Project("{FAE04EC0-301F-11D3-BF4B-00C04F79EFBC}") = "CreatingConstructors", "CreatingConstructors\CreatingConstructors.csproj", "{06410F0C-BCAF-41A5-BC97-FCE49C63653C}"
EndProject
Project("{FAE04EC0-301F-11D3-BF4B-00C04F79EFBC}") = "OpinionPoll", "OpinionPoll\OpinionPoll.csproj", "{725EA3BD-35CE-414A-98C0-9C028505BEFC}"
EndProject
Project("{FAE04EC0-301F-11D3-BF4B-00C04F79EFBC}") = "SpeedRacing", "SpeedRacing\SpeedRacing.csproj", "{BD5BA482-DE44-45FF-8548-4484B5400C1E}"
EndProject
Project("{FAE04EC0-301F-11D3-BF4B-00C04F79EFBC}") = "CompanyRoster", "CompanyRoster\CompanyRoster.csproj", "{1E5309A0-80F5-49A0-AA6E-35E93D5B8801}"
EndProject
Global
	GlobalSection(SolutionConfigurationPlatforms) = preSolution
		Debug|Any CPU = Debug|Any CPU
		Release|Any CPU = Release|Any CPU
	EndGlobalSection
	GlobalSection(ProjectConfigurationPlatforms) = postSolution
		{464745AD-0998-46EB-8933-E9CDB1AB4CB2}.Debug|Any CPU.ActiveCfg = Debug|Any CPU
		{464745AD-0998-46EB-8933-E9CDB1AB4CB2}.Debug|Any CPU.Build.0 = Debug|Any CPU
		{464745AD-0998-46EB-8933-E9CDB1AB4CB2}.Release|Any CPU.ActiveCfg = Release|Any CPU
		{464745AD-0998-46EB-8933-E9CDB1AB4CB2}.Release|Any CPU.Build.0 = Release|Any CPU
		{06410F0C-BCAF-41A5-BC97-FCE49C63653C}.Debug|Any CPU.ActiveCfg = Debug|Any CPU
		{06410F0C-BCAF-41A5-BC97-FCE49C63653C}.Debug|Any CPU.Build.0 = Debug|Any CPU
		{06410F0C-BCAF-41A5-BC97-FCE49C63653C}.Release|Any CPU.ActiveCfg = Release|Any CPU
		{06410F0C-BCAF-41A5-BC97-FCE49C63653C}.Release|Any CPU.Build.0 = Release|Any CPU
		{725EA3BD-35CE-414A-98C0-9C028505BEFC}.Debug|Any CPU.ActiveCfg = Debug|Any CPU
		{725EA3BD-35CE-414A-98C0-9C028505BEFC}.Debug|Any CPU.Build.0 = Debug|Any CPU
		{725EA3BD-35CE-414A-98C0-9C028505BEFC}.Release|Any CPU.ActiveCfg = Release|Any CPU
		{725EA3BD-35CE-414A-98C0-9C028505BEFC}.Release|Any CPU.Build.0 = Release|Any CPU
		{BD5BA482-DE44-45FF-8548-4484B5400C1E}.Debug|Any CPU.ActiveCfg = Debug|Any CPU
		{BD5BA482-DE44-45FF-8548-4484B5400C1E}.Debug|Any CPU.Build.0 = Debug|Any CPU
		{BD5BA482-DE44-45FF-8548-4484B5400C1E}.Release|Any CPU.ActiveCfg = Release|Any CPU
		{BD5BA482-DE44-45FF-8548-4484B5400C1E}.Release|Any CPU.Build.0 = Release|Any CPU
		{1E5309A0-80F5-49A0-AA6E-35E93D5B8801}.Debug|Any CPU.ActiveCfg = Debug|Any CPU
		{1E5309A0-80F5-49A0-AA6E-35E93D5B8801}.Debug|Any CPU.Build.0 = Debug|Any CPU
		{1E5309A0-80F5-49A0-AA6E-35E93D5B8801}.Release|Any CPU.ActiveCfg = Release|Any CPU
		{1E5309A0-80F5-49A0-AA6E-35E93D5B8801}.Release|Any CPU.Build.0 = Release|Any CPU
	EndGlobalSection
	GlobalSection(SolutionProperties) = preSolution
		HideSolutionNode = FALSE
	EndGlobalSection
	GlobalSection(ExtensibilityGlobals) = postSolution
		SolutionGuid = {DDEE87FA-56F9-49CC-8428-E23FA118C521}
	EndGlobalSection
EndGlobal
