
Microsoft Visual Studio Solution File, Format Version 12.00
# Visual Studio Version 16
VisualStudioVersion = 16.0.30204.135
MinimumVisualStudioVersion = 10.0.40219.1
Project("{FAE04EC0-301F-11D3-BF4B-00C04F79EFBC}") = "StudentSystem", "StudentSystem\StudentSystem.csproj", "{9981D098-2F41-4DBE-BF00-FB9EB15050D4}"
EndProject
Project("{FAE04EC0-301F-11D3-BF4B-00C04F79EFBC}") = "StudentSystem.Data", "StudentSystem.Data\StudentSystem.Data.csproj", "{1499BB0F-106D-451D-9ACB-F39AE7C50428}"
EndProject
Project("{FAE04EC0-301F-11D3-BF4B-00C04F79EFBC}") = "StudentSystem.Data.Models", "StudentSystem.Data.Models\StudentSystem.Data.Models.csproj", "{5D3923F5-9E15-4808-8347-60BB1D364F9A}"
EndProject
Global
	GlobalSection(SolutionConfigurationPlatforms) = preSolution
		Debug|Any CPU = Debug|Any CPU
		Release|Any CPU = Release|Any CPU
	EndGlobalSection
	GlobalSection(ProjectConfigurationPlatforms) = postSolution
		{9981D098-2F41-4DBE-BF00-FB9EB15050D4}.Debug|Any CPU.ActiveCfg = Debug|Any CPU
		{9981D098-2F41-4DBE-BF00-FB9EB15050D4}.Debug|Any CPU.Build.0 = Debug|Any CPU
		{9981D098-2F41-4DBE-BF00-FB9EB15050D4}.Release|Any CPU.ActiveCfg = Release|Any CPU
		{9981D098-2F41-4DBE-BF00-FB9EB15050D4}.Release|Any CPU.Build.0 = Release|Any CPU
		{1499BB0F-106D-451D-9ACB-F39AE7C50428}.Debug|Any CPU.ActiveCfg = Debug|Any CPU
		{1499BB0F-106D-451D-9ACB-F39AE7C50428}.Debug|Any CPU.Build.0 = Debug|Any CPU
		{1499BB0F-106D-451D-9ACB-F39AE7C50428}.Release|Any CPU.ActiveCfg = Release|Any CPU
		{1499BB0F-106D-451D-9ACB-F39AE7C50428}.Release|Any CPU.Build.0 = Release|Any CPU
		{5D3923F5-9E15-4808-8347-60BB1D364F9A}.Debug|Any CPU.ActiveCfg = Debug|Any CPU
		{5D3923F5-9E15-4808-8347-60BB1D364F9A}.Debug|Any CPU.Build.0 = Debug|Any CPU
		{5D3923F5-9E15-4808-8347-60BB1D364F9A}.Release|Any CPU.ActiveCfg = Release|Any CPU
		{5D3923F5-9E15-4808-8347-60BB1D364F9A}.Release|Any CPU.Build.0 = Release|Any CPU
	EndGlobalSection
	GlobalSection(SolutionProperties) = preSolution
		HideSolutionNode = FALSE
	EndGlobalSection
	GlobalSection(ExtensibilityGlobals) = postSolution
		SolutionGuid = {BDE5DF8B-94AE-4737-82B2-940ACAF62D4C}
	EndGlobalSection
EndGlobal
