
Microsoft Visual Studio Solution File, Format Version 12.00
# Visual Studio Version 16
VisualStudioVersion = 16.0.30413.136
MinimumVisualStudioVersion = 10.0.40219.1
Project("{FAE04EC0-301F-11D3-BF4B-00C04F79EFBC}") = "DataTransfer", "DataTransfer\DataTransfer.csproj", "{E20CFA05-E541-4598-BE55-F35CCA9C79DD}"
EndProject
Project("{FAE04EC0-301F-11D3-BF4B-00C04F79EFBC}") = "Tagram", "Tagram\Tagram.csproj", "{4A7E78C6-58BB-412B-88E1-1C8DFFC1E1DF}"
EndProject
Project("{FAE04EC0-301F-11D3-BF4B-00C04F79EFBC}") = "Miner", "Miner\Miner.csproj", "{365A5BD5-2550-4A50-B46B-11D1012F2AB6}"
EndProject
Project("{FAE04EC0-301F-11D3-BF4B-00C04F79EFBC}") = "CupsAndBottles", "CupsAndBottles\CupsAndBottles.csproj", "{76A664C4-7BF6-473E-BE87-3E5448E5F4FD}"
EndProject
Global
	GlobalSection(SolutionConfigurationPlatforms) = preSolution
		Debug|Any CPU = Debug|Any CPU
		Release|Any CPU = Release|Any CPU
	EndGlobalSection
	GlobalSection(ProjectConfigurationPlatforms) = postSolution
		{E20CFA05-E541-4598-BE55-F35CCA9C79DD}.Debug|Any CPU.ActiveCfg = Debug|Any CPU
		{E20CFA05-E541-4598-BE55-F35CCA9C79DD}.Debug|Any CPU.Build.0 = Debug|Any CPU
		{E20CFA05-E541-4598-BE55-F35CCA9C79DD}.Release|Any CPU.ActiveCfg = Release|Any CPU
		{E20CFA05-E541-4598-BE55-F35CCA9C79DD}.Release|Any CPU.Build.0 = Release|Any CPU
		{4A7E78C6-58BB-412B-88E1-1C8DFFC1E1DF}.Debug|Any CPU.ActiveCfg = Debug|Any CPU
		{4A7E78C6-58BB-412B-88E1-1C8DFFC1E1DF}.Debug|Any CPU.Build.0 = Debug|Any CPU
		{4A7E78C6-58BB-412B-88E1-1C8DFFC1E1DF}.Release|Any CPU.ActiveCfg = Release|Any CPU
		{4A7E78C6-58BB-412B-88E1-1C8DFFC1E1DF}.Release|Any CPU.Build.0 = Release|Any CPU
		{365A5BD5-2550-4A50-B46B-11D1012F2AB6}.Debug|Any CPU.ActiveCfg = Debug|Any CPU
		{365A5BD5-2550-4A50-B46B-11D1012F2AB6}.Debug|Any CPU.Build.0 = Debug|Any CPU
		{365A5BD5-2550-4A50-B46B-11D1012F2AB6}.Release|Any CPU.ActiveCfg = Release|Any CPU
		{365A5BD5-2550-4A50-B46B-11D1012F2AB6}.Release|Any CPU.Build.0 = Release|Any CPU
		{76A664C4-7BF6-473E-BE87-3E5448E5F4FD}.Debug|Any CPU.ActiveCfg = Debug|Any CPU
		{76A664C4-7BF6-473E-BE87-3E5448E5F4FD}.Debug|Any CPU.Build.0 = Debug|Any CPU
		{76A664C4-7BF6-473E-BE87-3E5448E5F4FD}.Release|Any CPU.ActiveCfg = Release|Any CPU
		{76A664C4-7BF6-473E-BE87-3E5448E5F4FD}.Release|Any CPU.Build.0 = Release|Any CPU
	EndGlobalSection
	GlobalSection(SolutionProperties) = preSolution
		HideSolutionNode = FALSE
	EndGlobalSection
	GlobalSection(ExtensibilityGlobals) = postSolution
		SolutionGuid = {83450C50-EAAD-4FC6-A68D-F6685C2E2FA7}
	EndGlobalSection
EndGlobal
