
Microsoft Visual Studio Solution File, Format Version 12.00
# Visual Studio Version 16
VisualStudioVersion = 16.0.28803.156
MinimumVisualStudioVersion = 10.0.40219.1
Project("{9A19103F-16F7-4668-BE54-9A1E7A4F7556}") = "SIS.MvcFramework", "SIS.WebServer\SIS.MvcFramework.csproj", "{E86F049B-BDEC-4810-B162-D8AA526A3B25}"
EndProject
Project("{9A19103F-16F7-4668-BE54-9A1E7A4F7556}") = "SIS.HTTP", "SIS.HTTP\SIS.HTTP.csproj", "{B0EFD95C-2CC9-4A0D-AC00-97D65BED98DF}"
EndProject
Project("{9A19103F-16F7-4668-BE54-9A1E7A4F7556}") = "IRunes.App", "IRunes.App\IRunes.App.csproj", "{85F4A1ED-5C82-4E20-8E7A-612473D3BD00}"
EndProject
Project("{9A19103F-16F7-4668-BE54-9A1E7A4F7556}") = "IRunes.Data", "IRunes.Data\IRunes.Data.csproj", "{DA3252BA-A269-4D55-AC58-7327D84F4E77}"
EndProject
Project("{9A19103F-16F7-4668-BE54-9A1E7A4F7556}") = "IRunes.Models", "IRunes.Models\IRunes.Models.csproj", "{8B2EADB8-2E3D-4F1B-B4A2-730999DBBFFB}"
EndProject
Project("{9A19103F-16F7-4668-BE54-9A1E7A4F7556}") = "IRunes.Services", "IRunes.Services\IRunes.Services.csproj", "{3A031D5E-9F9B-4A67-BFE2-65972D1DA4CA}"
EndProject
Project("{9A19103F-16F7-4668-BE54-9A1E7A4F7556}") = "SIS.MvcFramework.Tests", "Sis.MvcFramework.Tests\SIS.MvcFramework.Tests.csproj", "{722B525B-6265-4192-831A-0F7A396D1EF8}"
EndProject
Project("{9A19103F-16F7-4668-BE54-9A1E7A4F7556}") = "SIS.Common", "SIS.Common\SIS.Common.csproj", "{2BA3ABF2-24F7-4CDD-ACDC-625B4DA23483}"
EndProject
Project("{2150E333-8FDC-42A3-9474-1A3956D46DE8}") = "Musaca", "Musaca", "{3E9D8D32-4836-41B9-9470-49D58DCD60AB}"
EndProject
Project("{9A19103F-16F7-4668-BE54-9A1E7A4F7556}") = "Musaca.App", "Musaca.App\Musaca.App.csproj", "{FE9DE926-1E88-4DDC-A1ED-1448ED85C8E1}"
EndProject
Project("{9A19103F-16F7-4668-BE54-9A1E7A4F7556}") = "Musaca.Data", "Musaca.Data\Musaca.Data.csproj", "{A427F41A-4018-4833-8743-C40A35DBBBCD}"
EndProject
Project("{9A19103F-16F7-4668-BE54-9A1E7A4F7556}") = "Musaca.Models", "Musaca.Models\Musaca.Models.csproj", "{FD62DDF6-7EA3-4841-9947-6419D94D3DEE}"
EndProject
Project("{9A19103F-16F7-4668-BE54-9A1E7A4F7556}") = "Musaca.Services", "Musaca.Services\Musaca.Services.csproj", "{F9097712-6252-42CB-85F0-2C10947D98C2}"
EndProject
Project("{2150E333-8FDC-42A3-9474-1A3956D46DE8}") = "MishMash", "MishMash", "{93B2825A-0510-4F15-87A4-7A019423E77D}"
EndProject
Project("{FAE04EC0-301F-11D3-BF4B-00C04F79EFBC}") = "Mishmash.App", "Mishmash.App\Mishmash.App.csproj", "{0C3BDDC6-ECCC-4A1A-AD7B-329B361DB32C}"
EndProject
Project("{FAE04EC0-301F-11D3-BF4B-00C04F79EFBC}") = "Mishmash.Data", "Mishmash.Data\Mishmash.Data.csproj", "{67AC0291-37EC-488A-A069-986403C7E4F4}"
EndProject
Project("{FAE04EC0-301F-11D3-BF4B-00C04F79EFBC}") = "Mishmash.Models", "Mishmash.Models\Mishmash.Models.csproj", "{C304AF8F-C0A0-484E-BDB2-2E5F92F04D5F}"
EndProject
Global
	GlobalSection(SolutionConfigurationPlatforms) = preSolution
		Debug|Any CPU = Debug|Any CPU
		Release|Any CPU = Release|Any CPU
	EndGlobalSection
	GlobalSection(ProjectConfigurationPlatforms) = postSolution
		{E86F049B-BDEC-4810-B162-D8AA526A3B25}.Debug|Any CPU.ActiveCfg = Debug|Any CPU
		{E86F049B-BDEC-4810-B162-D8AA526A3B25}.Debug|Any CPU.Build.0 = Debug|Any CPU
		{E86F049B-BDEC-4810-B162-D8AA526A3B25}.Release|Any CPU.ActiveCfg = Release|Any CPU
		{E86F049B-BDEC-4810-B162-D8AA526A3B25}.Release|Any CPU.Build.0 = Release|Any CPU
		{B0EFD95C-2CC9-4A0D-AC00-97D65BED98DF}.Debug|Any CPU.ActiveCfg = Debug|Any CPU
		{B0EFD95C-2CC9-4A0D-AC00-97D65BED98DF}.Debug|Any CPU.Build.0 = Debug|Any CPU
		{B0EFD95C-2CC9-4A0D-AC00-97D65BED98DF}.Release|Any CPU.ActiveCfg = Release|Any CPU
		{B0EFD95C-2CC9-4A0D-AC00-97D65BED98DF}.Release|Any CPU.Build.0 = Release|Any CPU
		{85F4A1ED-5C82-4E20-8E7A-612473D3BD00}.Debug|Any CPU.ActiveCfg = Debug|Any CPU
		{85F4A1ED-5C82-4E20-8E7A-612473D3BD00}.Debug|Any CPU.Build.0 = Debug|Any CPU
		{85F4A1ED-5C82-4E20-8E7A-612473D3BD00}.Release|Any CPU.ActiveCfg = Release|Any CPU
		{85F4A1ED-5C82-4E20-8E7A-612473D3BD00}.Release|Any CPU.Build.0 = Release|Any CPU
		{DA3252BA-A269-4D55-AC58-7327D84F4E77}.Debug|Any CPU.ActiveCfg = Debug|Any CPU
		{DA3252BA-A269-4D55-AC58-7327D84F4E77}.Debug|Any CPU.Build.0 = Debug|Any CPU
		{DA3252BA-A269-4D55-AC58-7327D84F4E77}.Release|Any CPU.ActiveCfg = Release|Any CPU
		{DA3252BA-A269-4D55-AC58-7327D84F4E77}.Release|Any CPU.Build.0 = Release|Any CPU
		{8B2EADB8-2E3D-4F1B-B4A2-730999DBBFFB}.Debug|Any CPU.ActiveCfg = Debug|Any CPU
		{8B2EADB8-2E3D-4F1B-B4A2-730999DBBFFB}.Debug|Any CPU.Build.0 = Debug|Any CPU
		{8B2EADB8-2E3D-4F1B-B4A2-730999DBBFFB}.Release|Any CPU.ActiveCfg = Release|Any CPU
		{8B2EADB8-2E3D-4F1B-B4A2-730999DBBFFB}.Release|Any CPU.Build.0 = Release|Any CPU
		{3A031D5E-9F9B-4A67-BFE2-65972D1DA4CA}.Debug|Any CPU.ActiveCfg = Debug|Any CPU
		{3A031D5E-9F9B-4A67-BFE2-65972D1DA4CA}.Debug|Any CPU.Build.0 = Debug|Any CPU
		{3A031D5E-9F9B-4A67-BFE2-65972D1DA4CA}.Release|Any CPU.ActiveCfg = Release|Any CPU
		{3A031D5E-9F9B-4A67-BFE2-65972D1DA4CA}.Release|Any CPU.Build.0 = Release|Any CPU
		{722B525B-6265-4192-831A-0F7A396D1EF8}.Debug|Any CPU.ActiveCfg = Debug|Any CPU
		{722B525B-6265-4192-831A-0F7A396D1EF8}.Debug|Any CPU.Build.0 = Debug|Any CPU
		{722B525B-6265-4192-831A-0F7A396D1EF8}.Release|Any CPU.ActiveCfg = Release|Any CPU
		{722B525B-6265-4192-831A-0F7A396D1EF8}.Release|Any CPU.Build.0 = Release|Any CPU
		{2BA3ABF2-24F7-4CDD-ACDC-625B4DA23483}.Debug|Any CPU.ActiveCfg = Debug|Any CPU
		{2BA3ABF2-24F7-4CDD-ACDC-625B4DA23483}.Debug|Any CPU.Build.0 = Debug|Any CPU
		{2BA3ABF2-24F7-4CDD-ACDC-625B4DA23483}.Release|Any CPU.ActiveCfg = Release|Any CPU
		{2BA3ABF2-24F7-4CDD-ACDC-625B4DA23483}.Release|Any CPU.Build.0 = Release|Any CPU
		{FE9DE926-1E88-4DDC-A1ED-1448ED85C8E1}.Debug|Any CPU.ActiveCfg = Debug|Any CPU
		{FE9DE926-1E88-4DDC-A1ED-1448ED85C8E1}.Debug|Any CPU.Build.0 = Debug|Any CPU
		{FE9DE926-1E88-4DDC-A1ED-1448ED85C8E1}.Release|Any CPU.ActiveCfg = Release|Any CPU
		{FE9DE926-1E88-4DDC-A1ED-1448ED85C8E1}.Release|Any CPU.Build.0 = Release|Any CPU
		{A427F41A-4018-4833-8743-C40A35DBBBCD}.Debug|Any CPU.ActiveCfg = Debug|Any CPU
		{A427F41A-4018-4833-8743-C40A35DBBBCD}.Debug|Any CPU.Build.0 = Debug|Any CPU
		{A427F41A-4018-4833-8743-C40A35DBBBCD}.Release|Any CPU.ActiveCfg = Release|Any CPU
		{A427F41A-4018-4833-8743-C40A35DBBBCD}.Release|Any CPU.Build.0 = Release|Any CPU
		{FD62DDF6-7EA3-4841-9947-6419D94D3DEE}.Debug|Any CPU.ActiveCfg = Debug|Any CPU
		{FD62DDF6-7EA3-4841-9947-6419D94D3DEE}.Debug|Any CPU.Build.0 = Debug|Any CPU
		{FD62DDF6-7EA3-4841-9947-6419D94D3DEE}.Release|Any CPU.ActiveCfg = Release|Any CPU
		{FD62DDF6-7EA3-4841-9947-6419D94D3DEE}.Release|Any CPU.Build.0 = Release|Any CPU
		{F9097712-6252-42CB-85F0-2C10947D98C2}.Debug|Any CPU.ActiveCfg = Debug|Any CPU
		{F9097712-6252-42CB-85F0-2C10947D98C2}.Debug|Any CPU.Build.0 = Debug|Any CPU
		{F9097712-6252-42CB-85F0-2C10947D98C2}.Release|Any CPU.ActiveCfg = Release|Any CPU
		{F9097712-6252-42CB-85F0-2C10947D98C2}.Release|Any CPU.Build.0 = Release|Any CPU
		{0C3BDDC6-ECCC-4A1A-AD7B-329B361DB32C}.Debug|Any CPU.ActiveCfg = Debug|Any CPU
		{0C3BDDC6-ECCC-4A1A-AD7B-329B361DB32C}.Debug|Any CPU.Build.0 = Debug|Any CPU
		{0C3BDDC6-ECCC-4A1A-AD7B-329B361DB32C}.Release|Any CPU.ActiveCfg = Release|Any CPU
		{0C3BDDC6-ECCC-4A1A-AD7B-329B361DB32C}.Release|Any CPU.Build.0 = Release|Any CPU
		{67AC0291-37EC-488A-A069-986403C7E4F4}.Debug|Any CPU.ActiveCfg = Debug|Any CPU
		{67AC0291-37EC-488A-A069-986403C7E4F4}.Debug|Any CPU.Build.0 = Debug|Any CPU
		{67AC0291-37EC-488A-A069-986403C7E4F4}.Release|Any CPU.ActiveCfg = Release|Any CPU
		{67AC0291-37EC-488A-A069-986403C7E4F4}.Release|Any CPU.Build.0 = Release|Any CPU
		{C304AF8F-C0A0-484E-BDB2-2E5F92F04D5F}.Debug|Any CPU.ActiveCfg = Debug|Any CPU
		{C304AF8F-C0A0-484E-BDB2-2E5F92F04D5F}.Debug|Any CPU.Build.0 = Debug|Any CPU
		{C304AF8F-C0A0-484E-BDB2-2E5F92F04D5F}.Release|Any CPU.ActiveCfg = Release|Any CPU
		{C304AF8F-C0A0-484E-BDB2-2E5F92F04D5F}.Release|Any CPU.Build.0 = Release|Any CPU
	EndGlobalSection
	GlobalSection(SolutionProperties) = preSolution
		HideSolutionNode = FALSE
	EndGlobalSection
	GlobalSection(NestedProjects) = preSolution
		{FE9DE926-1E88-4DDC-A1ED-1448ED85C8E1} = {3E9D8D32-4836-41B9-9470-49D58DCD60AB}
		{A427F41A-4018-4833-8743-C40A35DBBBCD} = {3E9D8D32-4836-41B9-9470-49D58DCD60AB}
		{FD62DDF6-7EA3-4841-9947-6419D94D3DEE} = {3E9D8D32-4836-41B9-9470-49D58DCD60AB}
		{F9097712-6252-42CB-85F0-2C10947D98C2} = {3E9D8D32-4836-41B9-9470-49D58DCD60AB}
		{0C3BDDC6-ECCC-4A1A-AD7B-329B361DB32C} = {93B2825A-0510-4F15-87A4-7A019423E77D}
		{67AC0291-37EC-488A-A069-986403C7E4F4} = {93B2825A-0510-4F15-87A4-7A019423E77D}
		{C304AF8F-C0A0-484E-BDB2-2E5F92F04D5F} = {93B2825A-0510-4F15-87A4-7A019423E77D}
	EndGlobalSection
	GlobalSection(ExtensibilityGlobals) = postSolution
		SolutionGuid = {95749778-C448-4913-B813-04C78D964222}
	EndGlobalSection
EndGlobal
