
Microsoft Visual Studio Solution File, Format Version 12.00
# Visual Studio 15
VisualStudioVersion = 15.0.28307.136
MinimumVisualStudioVersion = 10.0.40219.1
Project("{9A19103F-16F7-4668-BE54-9A1E7A4F7556}") = "Database", "Database\Database.csproj", "{25440C75-09D1-4546-8822-7066808AE1AE}"
EndProject
Project("{9A19103F-16F7-4668-BE54-9A1E7A4F7556}") = "UnitTests", "UnitTests\UnitTests.csproj", "{18285A31-8EE6-49D6-8878-E5D6F3EF6585}"
EndProject
Project("{FAE04EC0-301F-11D3-BF4B-00C04F79EFBC}") = "DatabaseExtended", "DatabaseExtended\DatabaseExtended.csproj", "{CCCE551E-9A2C-485B-9AB8-5BDF0A645A9F}"
EndProject
Global
	GlobalSection(SolutionConfigurationPlatforms) = preSolution
		Debug|Any CPU = Debug|Any CPU
		Release|Any CPU = Release|Any CPU
	EndGlobalSection
	GlobalSection(ProjectConfigurationPlatforms) = postSolution
		{25440C75-09D1-4546-8822-7066808AE1AE}.Debug|Any CPU.ActiveCfg = Debug|Any CPU
		{25440C75-09D1-4546-8822-7066808AE1AE}.Debug|Any CPU.Build.0 = Debug|Any CPU
		{25440C75-09D1-4546-8822-7066808AE1AE}.Release|Any CPU.ActiveCfg = Release|Any CPU
		{25440C75-09D1-4546-8822-7066808AE1AE}.Release|Any CPU.Build.0 = Release|Any CPU
		{18285A31-8EE6-49D6-8878-E5D6F3EF6585}.Debug|Any CPU.ActiveCfg = Debug|Any CPU
		{18285A31-8EE6-49D6-8878-E5D6F3EF6585}.Debug|Any CPU.Build.0 = Debug|Any CPU
		{18285A31-8EE6-49D6-8878-E5D6F3EF6585}.Release|Any CPU.ActiveCfg = Release|Any CPU
		{18285A31-8EE6-49D6-8878-E5D6F3EF6585}.Release|Any CPU.Build.0 = Release|Any CPU
		{CCCE551E-9A2C-485B-9AB8-5BDF0A645A9F}.Debug|Any CPU.ActiveCfg = Debug|Any CPU
		{CCCE551E-9A2C-485B-9AB8-5BDF0A645A9F}.Debug|Any CPU.Build.0 = Debug|Any CPU
		{CCCE551E-9A2C-485B-9AB8-5BDF0A645A9F}.Release|Any CPU.ActiveCfg = Release|Any CPU
		{CCCE551E-9A2C-485B-9AB8-5BDF0A645A9F}.Release|Any CPU.Build.0 = Release|Any CPU
	EndGlobalSection
	GlobalSection(SolutionProperties) = preSolution
		HideSolutionNode = FALSE
	EndGlobalSection
	GlobalSection(ExtensibilityGlobals) = postSolution
		SolutionGuid = {C2845B11-B825-4A05-BA25-25ABCB239A09}
	EndGlobalSection
EndGlobal
