
Microsoft Visual Studio Solution File, Format Version 12.00
# Visual Studio 15
VisualStudioVersion = 15.0.28307.271
MinimumVisualStudioVersion = 10.0.40219.1
Project("{FAE04EC0-301F-11D3-BF4B-00C04F79EFBC}") = "EvenNumbersThread", "EvenNumbersThread\EvenNumbersThread.csproj", "{066B9E38-B052-47F5-A265-FB6C0E6B2812}"
EndProject
Project("{FAE04EC0-301F-11D3-BF4B-00C04F79EFBC}") = "SliceFile", "SliceFile\SliceFile.csproj", "{5DF871B2-4D76-4295-BA1A-8093DC5E108E}"
EndProject
Project("{FAE04EC0-301F-11D3-BF4B-00C04F79EFBC}") = "SimpleWebServer", "SimpleWebServer\SimpleWebServer.csproj", "{97BF58F8-767A-4A8E-BDB9-87540FC8FEC5}"
EndProject
Global
	GlobalSection(SolutionConfigurationPlatforms) = preSolution
		Debug|Any CPU = Debug|Any CPU
		Release|Any CPU = Release|Any CPU
	EndGlobalSection
	GlobalSection(ProjectConfigurationPlatforms) = postSolution
		{066B9E38-B052-47F5-A265-FB6C0E6B2812}.Debug|Any CPU.ActiveCfg = Debug|Any CPU
		{066B9E38-B052-47F5-A265-FB6C0E6B2812}.Debug|Any CPU.Build.0 = Debug|Any CPU
		{066B9E38-B052-47F5-A265-FB6C0E6B2812}.Release|Any CPU.ActiveCfg = Release|Any CPU
		{066B9E38-B052-47F5-A265-FB6C0E6B2812}.Release|Any CPU.Build.0 = Release|Any CPU
		{5DF871B2-4D76-4295-BA1A-8093DC5E108E}.Debug|Any CPU.ActiveCfg = Debug|Any CPU
		{5DF871B2-4D76-4295-BA1A-8093DC5E108E}.Debug|Any CPU.Build.0 = Debug|Any CPU
		{5DF871B2-4D76-4295-BA1A-8093DC5E108E}.Release|Any CPU.ActiveCfg = Release|Any CPU
		{5DF871B2-4D76-4295-BA1A-8093DC5E108E}.Release|Any CPU.Build.0 = Release|Any CPU
		{97BF58F8-767A-4A8E-BDB9-87540FC8FEC5}.Debug|Any CPU.ActiveCfg = Debug|Any CPU
		{97BF58F8-767A-4A8E-BDB9-87540FC8FEC5}.Debug|Any CPU.Build.0 = Debug|Any CPU
		{97BF58F8-767A-4A8E-BDB9-87540FC8FEC5}.Release|Any CPU.ActiveCfg = Release|Any CPU
		{97BF58F8-767A-4A8E-BDB9-87540FC8FEC5}.Release|Any CPU.Build.0 = Release|Any CPU
	EndGlobalSection
	GlobalSection(SolutionProperties) = preSolution
		HideSolutionNode = FALSE
	EndGlobalSection
	GlobalSection(ExtensibilityGlobals) = postSolution
		SolutionGuid = {017D5F2E-DFFC-4C79-89D4-D2EB8C9B3320}
	EndGlobalSection
EndGlobal
