
Microsoft Visual Studio Solution File, Format Version 12.00
# Visual Studio 15
VisualStudioVersion = 15.0.28307.136
MinimumVisualStudioVersion = 10.0.40219.1
Project("{9A19103F-16F7-4668-BE54-9A1E7A4F7556}") = "HarvestingFields", "HarvestingFields\HarvestingFields.csproj", "{0FCAEF61-1C70-4F94-8869-C293FD08956A}"
EndProject
Project("{9A19103F-16F7-4668-BE54-9A1E7A4F7556}") = "BlackBoxInteger", "BlackBoxInteger\BlackBoxInteger.csproj", "{394062B2-BE22-4C2B-BD19-59A9E7DEB678}"
EndProject
Project("{9A19103F-16F7-4668-BE54-9A1E7A4F7556}") = "BarrackWarsANewFactory", "BarrackWarsANewFactory\BarrackWarsANewFactory.csproj", "{BC76C4E1-E518-4CB7-88DF-BEC15944E9FE}"
EndProject
Project("{9A19103F-16F7-4668-BE54-9A1E7A4F7556}") = "BarracWarsTheCommandsStrikeBack", "BarracWarsTheCommandsStrikeBack\BarracWarsTheCommandsStrikeBack.csproj", "{C2F892C4-9B55-4036-9490-860CDFA4AC4F}"
EndProject
Project("{9A19103F-16F7-4668-BE54-9A1E7A4F7556}") = "BarrWarsReturnOfTheDependencies", "BarrWarsReturnOfTheDependencies\BarrWarsReturnOfTheDependencies.csproj", "{DA8926F7-B86D-40AC-95C4-C7B577E0DB6A}"
EndProject
Project("{9A19103F-16F7-4668-BE54-9A1E7A4F7556}") = "TrafficLights", "TrafficLights\TrafficLights.csproj", "{12DED2B5-33A2-40C1-ADDD-C5A62F71212E}"
EndProject
Project("{9A19103F-16F7-4668-BE54-9A1E7A4F7556}") = "InfernoInfinity", "InfernoInfinity\InfernoInfinity.csproj", "{4967EC14-3631-4CC7-B9CC-345CBA00FE5D}"
EndProject
Project("{FAE04EC0-301F-11D3-BF4B-00C04F79EFBC}") = "CreateCustomClassAttribute", "CreateCustomClassAttribute\CreateCustomClassAttribute.csproj", "{0CADEB2D-BF0D-40CD-9D14-685C8E3989B7}"
EndProject
Global
	GlobalSection(SolutionConfigurationPlatforms) = preSolution
		Debug|Any CPU = Debug|Any CPU
		Release|Any CPU = Release|Any CPU
	EndGlobalSection
	GlobalSection(ProjectConfigurationPlatforms) = postSolution
		{0FCAEF61-1C70-4F94-8869-C293FD08956A}.Debug|Any CPU.ActiveCfg = Debug|Any CPU
		{0FCAEF61-1C70-4F94-8869-C293FD08956A}.Debug|Any CPU.Build.0 = Debug|Any CPU
		{0FCAEF61-1C70-4F94-8869-C293FD08956A}.Release|Any CPU.ActiveCfg = Release|Any CPU
		{0FCAEF61-1C70-4F94-8869-C293FD08956A}.Release|Any CPU.Build.0 = Release|Any CPU
		{394062B2-BE22-4C2B-BD19-59A9E7DEB678}.Debug|Any CPU.ActiveCfg = Debug|Any CPU
		{394062B2-BE22-4C2B-BD19-59A9E7DEB678}.Debug|Any CPU.Build.0 = Debug|Any CPU
		{394062B2-BE22-4C2B-BD19-59A9E7DEB678}.Release|Any CPU.ActiveCfg = Release|Any CPU
		{394062B2-BE22-4C2B-BD19-59A9E7DEB678}.Release|Any CPU.Build.0 = Release|Any CPU
		{BC76C4E1-E518-4CB7-88DF-BEC15944E9FE}.Debug|Any CPU.ActiveCfg = Debug|Any CPU
		{BC76C4E1-E518-4CB7-88DF-BEC15944E9FE}.Debug|Any CPU.Build.0 = Debug|Any CPU
		{BC76C4E1-E518-4CB7-88DF-BEC15944E9FE}.Release|Any CPU.ActiveCfg = Release|Any CPU
		{BC76C4E1-E518-4CB7-88DF-BEC15944E9FE}.Release|Any CPU.Build.0 = Release|Any CPU
		{C2F892C4-9B55-4036-9490-860CDFA4AC4F}.Debug|Any CPU.ActiveCfg = Debug|Any CPU
		{C2F892C4-9B55-4036-9490-860CDFA4AC4F}.Debug|Any CPU.Build.0 = Debug|Any CPU
		{C2F892C4-9B55-4036-9490-860CDFA4AC4F}.Release|Any CPU.ActiveCfg = Release|Any CPU
		{C2F892C4-9B55-4036-9490-860CDFA4AC4F}.Release|Any CPU.Build.0 = Release|Any CPU
		{DA8926F7-B86D-40AC-95C4-C7B577E0DB6A}.Debug|Any CPU.ActiveCfg = Debug|Any CPU
		{DA8926F7-B86D-40AC-95C4-C7B577E0DB6A}.Debug|Any CPU.Build.0 = Debug|Any CPU
		{DA8926F7-B86D-40AC-95C4-C7B577E0DB6A}.Release|Any CPU.ActiveCfg = Release|Any CPU
		{DA8926F7-B86D-40AC-95C4-C7B577E0DB6A}.Release|Any CPU.Build.0 = Release|Any CPU
		{12DED2B5-33A2-40C1-ADDD-C5A62F71212E}.Debug|Any CPU.ActiveCfg = Debug|Any CPU
		{12DED2B5-33A2-40C1-ADDD-C5A62F71212E}.Debug|Any CPU.Build.0 = Debug|Any CPU
		{12DED2B5-33A2-40C1-ADDD-C5A62F71212E}.Release|Any CPU.ActiveCfg = Release|Any CPU
		{12DED2B5-33A2-40C1-ADDD-C5A62F71212E}.Release|Any CPU.Build.0 = Release|Any CPU
		{4967EC14-3631-4CC7-B9CC-345CBA00FE5D}.Debug|Any CPU.ActiveCfg = Debug|Any CPU
		{4967EC14-3631-4CC7-B9CC-345CBA00FE5D}.Debug|Any CPU.Build.0 = Debug|Any CPU
		{4967EC14-3631-4CC7-B9CC-345CBA00FE5D}.Release|Any CPU.ActiveCfg = Release|Any CPU
		{4967EC14-3631-4CC7-B9CC-345CBA00FE5D}.Release|Any CPU.Build.0 = Release|Any CPU
		{0CADEB2D-BF0D-40CD-9D14-685C8E3989B7}.Debug|Any CPU.ActiveCfg = Debug|Any CPU
		{0CADEB2D-BF0D-40CD-9D14-685C8E3989B7}.Debug|Any CPU.Build.0 = Debug|Any CPU
		{0CADEB2D-BF0D-40CD-9D14-685C8E3989B7}.Release|Any CPU.ActiveCfg = Release|Any CPU
		{0CADEB2D-BF0D-40CD-9D14-685C8E3989B7}.Release|Any CPU.Build.0 = Release|Any CPU
	EndGlobalSection
	GlobalSection(SolutionProperties) = preSolution
		HideSolutionNode = FALSE
	EndGlobalSection
	GlobalSection(ExtensibilityGlobals) = postSolution
		SolutionGuid = {43660DEB-B8D8-4345-B474-AFDCAF88A32B}
	EndGlobalSection
EndGlobal
