
Microsoft Visual Studio Solution File, Format Version 12.00
# Visual Studio Version 16
VisualStudioVersion = 16.0.30413.136
MinimumVisualStudioVersion = 10.0.40219.1
Project("{9A19103F-16F7-4668-BE54-9A1E7A4F7556}") = "DefineАClassPerson", "DefineАClassPerson\DefineАClassPerson.csproj", "{56B94426-2670-4ED9-8C08-99208E51571F}"
EndProject
Project("{9A19103F-16F7-4668-BE54-9A1E7A4F7556}") = "CreatingConstructors", "CreatingConstructors\CreatingConstructors.csproj", "{9D6D08BC-9EA0-42D8-94DD-8ECF0CAEC080}"
EndProject
Project("{9A19103F-16F7-4668-BE54-9A1E7A4F7556}") = "OldestFamilyMember", "OldestFamilyMember\OldestFamilyMember.csproj", "{BF7B892B-5DBE-44C5-8DB3-37A9ACEB8D8E}"
EndProject
Project("{FAE04EC0-301F-11D3-BF4B-00C04F79EFBC}") = "OpinionPoll", "OpinionPoll\OpinionPoll.csproj", "{0D09CDDE-EC5D-46D0-BA4B-8FE5EFC5FE23}"
EndProject
Project("{FAE04EC0-301F-11D3-BF4B-00C04F79EFBC}") = "DateModifier", "DateModifier\DateModifier.csproj", "{32C78B98-9AD0-4B6B-87CA-C92952A7EAB7}"
EndProject
Project("{FAE04EC0-301F-11D3-BF4B-00C04F79EFBC}") = "CompanyRoster", "CompanyRoster\CompanyRoster.csproj", "{1B60D477-CFAC-4F96-ADDF-06CA8B31A5C9}"
EndProject
Project("{FAE04EC0-301F-11D3-BF4B-00C04F79EFBC}") = "SpeedRacing", "SpeedRacing\SpeedRacing.csproj", "{3E405003-5EDF-4313-B5B6-DCC1CDF5B94D}"
EndProject
Project("{FAE04EC0-301F-11D3-BF4B-00C04F79EFBC}") = "RawData", "RawData\RawData.csproj", "{F05C1A11-E0AC-4B79-861E-5370EFD7A871}"
EndProject
Project("{FAE04EC0-301F-11D3-BF4B-00C04F79EFBC}") = "RectangleIntersection", "RectangleIntersection\RectangleIntersection.csproj", "{AD34BCFE-305C-47EA-969A-D86E45ABA691}"
EndProject
Project("{FAE04EC0-301F-11D3-BF4B-00C04F79EFBC}") = "CarSalesman", "CarSalesman\CarSalesman.csproj", "{2BE07368-73DB-4901-B110-733CD2C1C158}"
EndProject
Global
	GlobalSection(SolutionConfigurationPlatforms) = preSolution
		Debug|Any CPU = Debug|Any CPU
		Release|Any CPU = Release|Any CPU
	EndGlobalSection
	GlobalSection(ProjectConfigurationPlatforms) = postSolution
		{56B94426-2670-4ED9-8C08-99208E51571F}.Debug|Any CPU.ActiveCfg = Debug|Any CPU
		{56B94426-2670-4ED9-8C08-99208E51571F}.Debug|Any CPU.Build.0 = Debug|Any CPU
		{56B94426-2670-4ED9-8C08-99208E51571F}.Release|Any CPU.ActiveCfg = Release|Any CPU
		{56B94426-2670-4ED9-8C08-99208E51571F}.Release|Any CPU.Build.0 = Release|Any CPU
		{9D6D08BC-9EA0-42D8-94DD-8ECF0CAEC080}.Debug|Any CPU.ActiveCfg = Debug|Any CPU
		{9D6D08BC-9EA0-42D8-94DD-8ECF0CAEC080}.Debug|Any CPU.Build.0 = Debug|Any CPU
		{9D6D08BC-9EA0-42D8-94DD-8ECF0CAEC080}.Release|Any CPU.ActiveCfg = Release|Any CPU
		{9D6D08BC-9EA0-42D8-94DD-8ECF0CAEC080}.Release|Any CPU.Build.0 = Release|Any CPU
		{BF7B892B-5DBE-44C5-8DB3-37A9ACEB8D8E}.Debug|Any CPU.ActiveCfg = Debug|Any CPU
		{BF7B892B-5DBE-44C5-8DB3-37A9ACEB8D8E}.Debug|Any CPU.Build.0 = Debug|Any CPU
		{BF7B892B-5DBE-44C5-8DB3-37A9ACEB8D8E}.Release|Any CPU.ActiveCfg = Release|Any CPU
		{BF7B892B-5DBE-44C5-8DB3-37A9ACEB8D8E}.Release|Any CPU.Build.0 = Release|Any CPU
		{0D09CDDE-EC5D-46D0-BA4B-8FE5EFC5FE23}.Debug|Any CPU.ActiveCfg = Debug|Any CPU
		{0D09CDDE-EC5D-46D0-BA4B-8FE5EFC5FE23}.Debug|Any CPU.Build.0 = Debug|Any CPU
		{0D09CDDE-EC5D-46D0-BA4B-8FE5EFC5FE23}.Release|Any CPU.ActiveCfg = Release|Any CPU
		{0D09CDDE-EC5D-46D0-BA4B-8FE5EFC5FE23}.Release|Any CPU.Build.0 = Release|Any CPU
		{32C78B98-9AD0-4B6B-87CA-C92952A7EAB7}.Debug|Any CPU.ActiveCfg = Debug|Any CPU
		{32C78B98-9AD0-4B6B-87CA-C92952A7EAB7}.Debug|Any CPU.Build.0 = Debug|Any CPU
		{32C78B98-9AD0-4B6B-87CA-C92952A7EAB7}.Release|Any CPU.ActiveCfg = Release|Any CPU
		{32C78B98-9AD0-4B6B-87CA-C92952A7EAB7}.Release|Any CPU.Build.0 = Release|Any CPU
		{1B60D477-CFAC-4F96-ADDF-06CA8B31A5C9}.Debug|Any CPU.ActiveCfg = Debug|Any CPU
		{1B60D477-CFAC-4F96-ADDF-06CA8B31A5C9}.Debug|Any CPU.Build.0 = Debug|Any CPU
		{1B60D477-CFAC-4F96-ADDF-06CA8B31A5C9}.Release|Any CPU.ActiveCfg = Release|Any CPU
		{1B60D477-CFAC-4F96-ADDF-06CA8B31A5C9}.Release|Any CPU.Build.0 = Release|Any CPU
		{3E405003-5EDF-4313-B5B6-DCC1CDF5B94D}.Debug|Any CPU.ActiveCfg = Debug|Any CPU
		{3E405003-5EDF-4313-B5B6-DCC1CDF5B94D}.Debug|Any CPU.Build.0 = Debug|Any CPU
		{3E405003-5EDF-4313-B5B6-DCC1CDF5B94D}.Release|Any CPU.ActiveCfg = Release|Any CPU
		{3E405003-5EDF-4313-B5B6-DCC1CDF5B94D}.Release|Any CPU.Build.0 = Release|Any CPU
		{F05C1A11-E0AC-4B79-861E-5370EFD7A871}.Debug|Any CPU.ActiveCfg = Debug|Any CPU
		{F05C1A11-E0AC-4B79-861E-5370EFD7A871}.Debug|Any CPU.Build.0 = Debug|Any CPU
		{F05C1A11-E0AC-4B79-861E-5370EFD7A871}.Release|Any CPU.ActiveCfg = Release|Any CPU
		{F05C1A11-E0AC-4B79-861E-5370EFD7A871}.Release|Any CPU.Build.0 = Release|Any CPU
		{AD34BCFE-305C-47EA-969A-D86E45ABA691}.Debug|Any CPU.ActiveCfg = Debug|Any CPU
		{AD34BCFE-305C-47EA-969A-D86E45ABA691}.Debug|Any CPU.Build.0 = Debug|Any CPU
		{AD34BCFE-305C-47EA-969A-D86E45ABA691}.Release|Any CPU.ActiveCfg = Release|Any CPU
		{AD34BCFE-305C-47EA-969A-D86E45ABA691}.Release|Any CPU.Build.0 = Release|Any CPU
		{2BE07368-73DB-4901-B110-733CD2C1C158}.Debug|Any CPU.ActiveCfg = Debug|Any CPU
		{2BE07368-73DB-4901-B110-733CD2C1C158}.Debug|Any CPU.Build.0 = Debug|Any CPU
		{2BE07368-73DB-4901-B110-733CD2C1C158}.Release|Any CPU.ActiveCfg = Release|Any CPU
		{2BE07368-73DB-4901-B110-733CD2C1C158}.Release|Any CPU.Build.0 = Release|Any CPU
	EndGlobalSection
	GlobalSection(SolutionProperties) = preSolution
		HideSolutionNode = FALSE
	EndGlobalSection
	GlobalSection(ExtensibilityGlobals) = postSolution
		SolutionGuid = {DF8C352E-F9B7-4F74-B71D-10B9F8A19C85}
	EndGlobalSection
EndGlobal
