
Microsoft Visual Studio Solution File, Format Version 12.00
# Visual Studio Version 16
VisualStudioVersion = 16.0.30204.135
MinimumVisualStudioVersion = 10.0.40219.1
Project("{9A19103F-16F7-4668-BE54-9A1E7A4F7556}") = "StudentSystem", "StudentSystem\StudentSystem.csproj", "{9981D098-2F41-4DBE-BF00-FB9EB15050D4}"
EndProject
Project("{9A19103F-16F7-4668-BE54-9A1E7A4F7556}") = "StudentSystem.Data", "StudentSystem.Data\StudentSystem.Data.csproj", "{1499BB0F-106D-451D-9ACB-F39AE7C50428}"
EndProject
Project("{9A19103F-16F7-4668-BE54-9A1E7A4F7556}") = "StudentSystem.Data.Models", "StudentSystem.Data.Models\StudentSystem.Data.Models.csproj", "{5D3923F5-9E15-4808-8347-60BB1D364F9A}"
EndProject
Project("{FAE04EC0-301F-11D3-BF4B-00C04F79EFBC}") = "FootballBetting", "FootballBetting\FootballBetting.csproj", "{1D95F50F-7C09-4ACE-A225-3702A75F5D88}"
EndProject
Project("{FAE04EC0-301F-11D3-BF4B-00C04F79EFBC}") = "FootballBetting.Data", "FootballBetting.Data\FootballBetting.Data.csproj", "{04FDA902-B541-45E9-AFF1-F7C6104B82D3}"
EndProject
Project("{FAE04EC0-301F-11D3-BF4B-00C04F79EFBC}") = "FootballBetting.Data.Models", "FootballBetting.Data.Models\FootballBetting.Data.Models.csproj", "{4DBA5739-F9A8-4A71-A113-8411FAE7C24D}"
EndProject
Global
	GlobalSection(SolutionConfigurationPlatforms) = preSolution
		Debug|Any CPU = Debug|Any CPU
		Release|Any CPU = Release|Any CPU
	EndGlobalSection
	GlobalSection(ProjectConfigurationPlatforms) = postSolution
		{9981D098-2F41-4DBE-BF00-FB9EB15050D4}.Debug|Any CPU.ActiveCfg = Debug|Any CPU
		{9981D098-2F41-4DBE-BF00-FB9EB15050D4}.Debug|Any CPU.Build.0 = Debug|Any CPU
		{9981D098-2F41-4DBE-BF00-FB9EB15050D4}.Release|Any CPU.ActiveCfg = Release|Any CPU
		{9981D098-2F41-4DBE-BF00-FB9EB15050D4}.Release|Any CPU.Build.0 = Release|Any CPU
		{1499BB0F-106D-451D-9ACB-F39AE7C50428}.Debug|Any CPU.ActiveCfg = Debug|Any CPU
		{1499BB0F-106D-451D-9ACB-F39AE7C50428}.Debug|Any CPU.Build.0 = Debug|Any CPU
		{1499BB0F-106D-451D-9ACB-F39AE7C50428}.Release|Any CPU.ActiveCfg = Release|Any CPU
		{1499BB0F-106D-451D-9ACB-F39AE7C50428}.Release|Any CPU.Build.0 = Release|Any CPU
		{5D3923F5-9E15-4808-8347-60BB1D364F9A}.Debug|Any CPU.ActiveCfg = Debug|Any CPU
		{5D3923F5-9E15-4808-8347-60BB1D364F9A}.Debug|Any CPU.Build.0 = Debug|Any CPU
		{5D3923F5-9E15-4808-8347-60BB1D364F9A}.Release|Any CPU.ActiveCfg = Release|Any CPU
		{5D3923F5-9E15-4808-8347-60BB1D364F9A}.Release|Any CPU.Build.0 = Release|Any CPU
		{1D95F50F-7C09-4ACE-A225-3702A75F5D88}.Debug|Any CPU.ActiveCfg = Debug|Any CPU
		{1D95F50F-7C09-4ACE-A225-3702A75F5D88}.Debug|Any CPU.Build.0 = Debug|Any CPU
		{1D95F50F-7C09-4ACE-A225-3702A75F5D88}.Release|Any CPU.ActiveCfg = Release|Any CPU
		{1D95F50F-7C09-4ACE-A225-3702A75F5D88}.Release|Any CPU.Build.0 = Release|Any CPU
		{04FDA902-B541-45E9-AFF1-F7C6104B82D3}.Debug|Any CPU.ActiveCfg = Debug|Any CPU
		{04FDA902-B541-45E9-AFF1-F7C6104B82D3}.Debug|Any CPU.Build.0 = Debug|Any CPU
		{04FDA902-B541-45E9-AFF1-F7C6104B82D3}.Release|Any CPU.ActiveCfg = Release|Any CPU
		{04FDA902-B541-45E9-AFF1-F7C6104B82D3}.Release|Any CPU.Build.0 = Release|Any CPU
		{4DBA5739-F9A8-4A71-A113-8411FAE7C24D}.Debug|Any CPU.ActiveCfg = Debug|Any CPU
		{4DBA5739-F9A8-4A71-A113-8411FAE7C24D}.Debug|Any CPU.Build.0 = Debug|Any CPU
		{4DBA5739-F9A8-4A71-A113-8411FAE7C24D}.Release|Any CPU.ActiveCfg = Release|Any CPU
		{4DBA5739-F9A8-4A71-A113-8411FAE7C24D}.Release|Any CPU.Build.0 = Release|Any CPU
	EndGlobalSection
	GlobalSection(SolutionProperties) = preSolution
		HideSolutionNode = FALSE
	EndGlobalSection
	GlobalSection(ExtensibilityGlobals) = postSolution
		SolutionGuid = {BDE5DF8B-94AE-4737-82B2-940ACAF62D4C}
	EndGlobalSection
EndGlobal
